PODS:
  - Kingfisher (7.3.0)
  - Mockingjay (3.0.0-alpha.1):
    - Mockingjay/Core (= 3.0.0-alpha.1)
    - Mockingjay/XCTest (= 3.0.0-alpha.1)
  - Mockingjay/Core (3.0.0-alpha.1):
    - URITemplate (~> 3.0)
  - Mockingjay/XCTest (3.0.0-alpha.1):
    - Mockingjay/Core
  - PromiseKit (6.17.1):
    - PromiseKit/CorePromise (= 6.17.1)
    - PromiseKit/Foundation (= 6.17.1)
    - PromiseKit/UIKit (= 6.17.1)
  - PromiseKit/CorePromise (6.17.1)
  - PromiseKit/Foundation (6.17.1):
    - PromiseKit/CorePromise
  - PromiseKit/UIKit (6.17.1):
    - PromiseKit/CorePromise
  - RxCocoa (6.5.0):
    - RxRelay (= 6.5.0)
    - RxSwift (= 6.5.0)
  - RxRelay (6.5.0):
    - RxSwift (= 6.5.0)
  - RxSwift (6.5.0)
  - SwiftLint (0.47.1)
  - URITemplate (3.0.1)

DEPENDENCIES:
  - Kingfisher
  - Mockingjay (from `https://github.com/kylef/Mockingjay.git`)
  - PromiseKit
  - RxCocoa
  - RxSwift
  - SwiftLint

SPEC REPOS:
  trunk:
    - Kingfisher
    - PromiseKit
    - RxCocoa
    - RxRelay
    - RxSwift
    - SwiftLint
    - URITemplate

EXTERNAL SOURCES:
  Mockingjay:
    :git: https://github.com/kylef/Mockingjay.git

CHECKOUT OPTIONS:
  Mockingjay:
    :commit: b88c9dce2b7561cccbf35e2882b3c71a2efa387a
    :git: https://github.com/kylef/Mockingjay.git

SPEC CHECKSUMS:
  Kingfisher: cdb1189a9223b1bc028816bd47c8b8101a58831c
  Mockingjay: 97656c6f59879923976a0a52ef09da45756cca82
  PromiseKit: ee485df3d4dc570594d7e7aecae6352697dc6a4c
  RxCocoa: 94f817b71c07517321eb4f9ad299112ca8af743b
  RxRelay: 1de1523e604c72b6c68feadedd1af3b1b4d0ecbd
  RxSwift: 5710a9e6b17f3c3d6e40d6e559b9fa1e813b2ef8
  SwiftLint: f80f1be7fa96d30e0aa68e58d45d4ea1ccaac519
  URITemplate: 5f5a79f3e384884102c4e6b3325d159c20a8035a

PODFILE CHECKSUM: f93c1b08d3634323cd2ce764baa20eecea152319

COCOAPODS: 1.11.3
