// !$*UTF8*$!
{
	archiveVersion = 1;
	classes = {
	};
	objectVersion = 51;
	objects = {

/* Begin PBXBuildFile section */
		74AC49060DC62A76BFE46AF9 /* Pods_MusicSearchKitTests.framework in Frameworks */ = {isa = PBXBuildFile; fileRef = 7B763813C3023D01C3E1235F /* Pods_MusicSearchKitTests.framework */; };
		98210D03237615B4009B31D5 /* AppDelegate.swift in Sources */ = {isa = PBXBuildFile; fileRef = 98210D02237615B4009B31D5 /* AppDelegate.swift */; };
		98210D0C237615B5009B31D5 /* Assets.xcassets in Resources */ = {isa = PBXBuildFile; fileRef = 98210D0B237615B5009B31D5 /* Assets.xcassets */; };
		98210D0F237615B5009B31D5 /* LaunchScreen.storyboard in Resources */ = {isa = PBXBuildFile; fileRef = 98210D0D237615B5009B31D5 /* LaunchScreen.storyboard */; };
		9835F60223765B9600FC7789 /* SongListViewModelTests.swift in Sources */ = {isa = PBXBuildFile; fileRef = 9835F60123765B9600FC7789 /* SongListViewModelTests.swift */; };
		9835F60423765C3D00FC7789 /* SongListViewModel.swift in Sources */ = {isa = PBXBuildFile; fileRef = 9835F60323765C3D00FC7789 /* SongListViewModel.swift */; };
		9835F60D23765DD600FC7789 /* ManagerRequestAPITests.swift in Sources */ = {isa = PBXBuildFile; fileRef = 9835F60923765DD600FC7789 /* ManagerRequestAPITests.swift */; };
		9835F61E23765F4300FC7789 /* StubService.swift in Sources */ = {isa = PBXBuildFile; fileRef = 9835F61223765F4300FC7789 /* StubService.swift */; };
		9835F62223765F4300FC7789 /* ManagerRequestAPI.swift in Sources */ = {isa = PBXBuildFile; fileRef = 9835F61723765F4300FC7789 /* ManagerRequestAPI.swift */; };
		9835F62323765F4300FC7789 /* URLSessionManagerRequestAPI.swift in Sources */ = {isa = PBXBuildFile; fileRef = 9835F61923765F4300FC7789 /* URLSessionManagerRequestAPI.swift */; };
		9835F62423765F4300FC7789 /* NetworkHTTPMethod.swift in Sources */ = {isa = PBXBuildFile; fileRef = 9835F61A23765F4300FC7789 /* NetworkHTTPMethod.swift */; };
		9835F62523765F4300FC7789 /* NetworkResult.swift in Sources */ = {isa = PBXBuildFile; fileRef = 9835F61B23765F4300FC7789 /* NetworkResult.swift */; };
		9835F62623765F4300FC7789 /* NetworkError.swift in Sources */ = {isa = PBXBuildFile; fileRef = 9835F61C23765F4300FC7789 /* NetworkError.swift */; };
		9835F62723765F4300FC7789 /* Endpoint.swift in Sources */ = {isa = PBXBuildFile; fileRef = 9835F61D23765F4300FC7789 /* Endpoint.swift */; };
		9835F62B2376608E00FC7789 /* search?term=something&mediaType=music&limit20.json in Resources */ = {isa = PBXBuildFile; fileRef = 9835F62A2376608E00FC7789 /* search?term=something&mediaType=music&limit20.json */; };
		9835F62D2376615C00FC7789 /* artwork-demo.png in Resources */ = {isa = PBXBuildFile; fileRef = 9835F62C2376615B00FC7789 /* artwork-demo.png */; };
		9835F6302376647600FC7789 /* NetworkHTTPTests.swift in Sources */ = {isa = PBXBuildFile; fileRef = 9835F62F2376647600FC7789 /* NetworkHTTPTests.swift */; };
		9835F6342376650D00FC7789 /* SongListRemoteAPI.swift in Sources */ = {isa = PBXBuildFile; fileRef = 9835F6332376650D00FC7789 /* SongListRemoteAPI.swift */; };
		9835F6362376652F00FC7789 /* SongListEndpoint.swift in Sources */ = {isa = PBXBuildFile; fileRef = 9835F6352376652F00FC7789 /* SongListEndpoint.swift */; };
		9869AEEF237626B400BE08D9 /* MusicSearchKit.framework in Frameworks */ = {isa = PBXBuildFile; fileRef = 9869AEE6237626B400BE08D9 /* MusicSearchKit.framework */; };
		9869AEF6237626B400BE08D9 /* ModelTests.swift in Sources */ = {isa = PBXBuildFile; fileRef = 9869AEF5237626B400BE08D9 /* ModelTests.swift */; };
		9869AEF8237626B400BE08D9 /* MusicSearchKit.h in Headers */ = {isa = PBXBuildFile; fileRef = 9869AEE8237626B400BE08D9 /* MusicSearchKit.h */; settings = {ATTRIBUTES = (Public, ); }; };
		9869AEFB237626B400BE08D9 /* MusicSearchKit.framework in Frameworks */ = {isa = PBXBuildFile; fileRef = 9869AEE6237626B400BE08D9 /* MusicSearchKit.framework */; };
		9869AEFC237626B400BE08D9 /* MusicSearchKit.framework in Embed Frameworks */ = {isa = PBXBuildFile; fileRef = 9869AEE6237626B400BE08D9 /* MusicSearchKit.framework */; settings = {ATTRIBUTES = (CodeSignOnCopy, RemoveHeadersOnCopy, ); }; };
		9869AF12237626C900BE08D9 /* MusicSearchIOS.framework in Frameworks */ = {isa = PBXBuildFile; fileRef = 9869AF09237626C900BE08D9 /* MusicSearchIOS.framework */; };
		9869AF1B237626C900BE08D9 /* MusicSearchIOS.h in Headers */ = {isa = PBXBuildFile; fileRef = 9869AF0B237626C900BE08D9 /* MusicSearchIOS.h */; settings = {ATTRIBUTES = (Public, ); }; };
		9869AF1E237626C900BE08D9 /* MusicSearchIOS.framework in Frameworks */ = {isa = PBXBuildFile; fileRef = 9869AF09237626C900BE08D9 /* MusicSearchIOS.framework */; };
		9869AF1F237626C900BE08D9 /* MusicSearchIOS.framework in Embed Frameworks */ = {isa = PBXBuildFile; fileRef = 9869AF09237626C900BE08D9 /* MusicSearchIOS.framework */; settings = {ATTRIBUTES = (CodeSignOnCopy, RemoveHeadersOnCopy, ); }; };
		9869AF26237627C900BE08D9 /* MusicSearchKit.framework in Frameworks */ = {isa = PBXBuildFile; fileRef = 9869AEE6237626B400BE08D9 /* MusicSearchKit.framework */; };
		9869AF27237627C900BE08D9 /* MusicSearchKit.framework in Embed Frameworks */ = {isa = PBXBuildFile; fileRef = 9869AEE6237626B400BE08D9 /* MusicSearchKit.framework */; settings = {ATTRIBUTES = (CodeSignOnCopy, RemoveHeadersOnCopy, ); }; };
		9869AF30237628C500BE08D9 /* MusicSearchAppDependencyContainer.swift in Sources */ = {isa = PBXBuildFile; fileRef = 9869AF2F237628C500BE08D9 /* MusicSearchAppDependencyContainer.swift */; };
		9869AF322376294300BE08D9 /* DependencyContainerTests.swift in Sources */ = {isa = PBXBuildFile; fileRef = 9869AF312376294300BE08D9 /* DependencyContainerTests.swift */; };
		9884F7AF2376323D0041F314 /* SongModel.swift in Sources */ = {isa = PBXBuildFile; fileRef = 9884F7AE2376323D0041F314 /* SongModel.swift */; };
		9884F7B3237647320041F314 /* song.json in Resources */ = {isa = PBXBuildFile; fileRef = 9884F7B2237647320041F314 /* song.json */; };
		9884F7BA237647BB0041F314 /* DateFormatter+iso.swift in Sources */ = {isa = PBXBuildFile; fileRef = 9884F7B6237647BB0041F314 /* DateFormatter+iso.swift */; };
		9884F7BB237647BB0041F314 /* Bundle+json.swift in Sources */ = {isa = PBXBuildFile; fileRef = 9884F7B7237647BB0041F314 /* Bundle+json.swift */; };
		9884F7BC237647BB0041F314 /* String+removeslashes.swift in Sources */ = {isa = PBXBuildFile; fileRef = 9884F7B8237647BB0041F314 /* String+removeslashes.swift */; };
		9893C24523768D1900C952D6 /* SongListRemoteTests.swift in Sources */ = {isa = PBXBuildFile; fileRef = 9893C24423768D1900C952D6 /* SongListRemoteTests.swift */; };
		9893C24823768E4C00C952D6 /* SongListAPI.swift in Sources */ = {isa = PBXBuildFile; fileRef = 9893C24723768E4C00C952D6 /* SongListAPI.swift */; };
		9893C24A2376919A00C952D6 /* FakeManagerRequestAPI.swift in Sources */ = {isa = PBXBuildFile; fileRef = 9893C2492376919A00C952D6 /* FakeManagerRequestAPI.swift */; };
		9893C24C2376A4CA00C952D6 /* ErrorMessage.swift in Sources */ = {isa = PBXBuildFile; fileRef = 9893C24B2376A4CA00C952D6 /* ErrorMessage.swift */; };
		9893C24F2376AFA100C952D6 /* FakeSongListRemoteAPI.swift in Sources */ = {isa = PBXBuildFile; fileRef = 9893C24E2376AFA100C952D6 /* FakeSongListRemoteAPI.swift */; };
		9893C2542376BB9D00C952D6 /* FakeSongListRemoteAPIError.swift in Sources */ = {isa = PBXBuildFile; fileRef = 9893C2532376BB9D00C952D6 /* FakeSongListRemoteAPIError.swift */; };
		9893C2572376C04400C952D6 /* RootViewModelTests.swift in Sources */ = {isa = PBXBuildFile; fileRef = 9893C2562376C04400C952D6 /* RootViewModelTests.swift */; };
		9893C2592376C0DB00C952D6 /* RootViewModel.swift in Sources */ = {isa = PBXBuildFile; fileRef = 9893C2582376C0DB00C952D6 /* RootViewModel.swift */; };
		9893C26E2376C2D900C952D6 /* ImageCache.swift in Sources */ = {isa = PBXBuildFile; fileRef = 9893C25C2376C2D900C952D6 /* ImageCache.swift */; };
		9893C26F2376C2D900C952D6 /* ImageCacheKingfisher.swift in Sources */ = {isa = PBXBuildFile; fileRef = 9893C25E2376C2D900C952D6 /* ImageCacheKingfisher.swift */; };
		9893C2702376C2D900C952D6 /* BaseLabel.swift in Sources */ = {isa = PBXBuildFile; fileRef = 9893C2602376C2D900C952D6 /* BaseLabel.swift */; };
		9893C2712376C2D900C952D6 /* NiblessCollectionViewCell.swift in Sources */ = {isa = PBXBuildFile; fileRef = 9893C2622376C2D900C952D6 /* NiblessCollectionViewCell.swift */; };
		9893C2722376C2D900C952D6 /* NiblessImageView.swift in Sources */ = {isa = PBXBuildFile; fileRef = 9893C2632376C2D900C952D6 /* NiblessImageView.swift */; };
		9893C2732376C2D900C952D6 /* NiblessView.swift in Sources */ = {isa = PBXBuildFile; fileRef = 9893C2642376C2D900C952D6 /* NiblessView.swift */; };
		9893C2742376C2D900C952D6 /* NiblessButton.swift in Sources */ = {isa = PBXBuildFile; fileRef = 9893C2652376C2D900C952D6 /* NiblessButton.swift */; };
		9893C2752376C2D900C952D6 /* NiblessLabel.swift in Sources */ = {isa = PBXBuildFile; fileRef = 9893C2662376C2D900C952D6 /* NiblessLabel.swift */; };
		9893C2762376C2D900C952D6 /* NiblessNavigationController.swift in Sources */ = {isa = PBXBuildFile; fileRef = 9893C2672376C2D900C952D6 /* NiblessNavigationController.swift */; };
		9893C2772376C2D900C952D6 /* NiblessViewController.swift in Sources */ = {isa = PBXBuildFile; fileRef = 9893C2682376C2D900C952D6 /* NiblessViewController.swift */; };
		9893C2782376C2D900C952D6 /* BaseImageView.swift in Sources */ = {isa = PBXBuildFile; fileRef = 9893C2692376C2D900C952D6 /* BaseImageView.swift */; };
		9893C2792376C2D900C952D6 /* UIViewController+child.swift in Sources */ = {isa = PBXBuildFile; fileRef = 9893C26B2376C2D900C952D6 /* UIViewController+child.swift */; };
		9893C27A2376C2D900C952D6 /* UIViewController+presentErrorMessage.swift in Sources */ = {isa = PBXBuildFile; fileRef = 9893C26C2376C2D900C952D6 /* UIViewController+presentErrorMessage.swift */; };
		9893C27B2376C2D900C952D6 /* UIView+addSubviews.swift in Sources */ = {isa = PBXBuildFile; fileRef = 9893C26D2376C2D900C952D6 /* UIView+addSubviews.swift */; };
		98AEE3B72376502600DDE6DD /* JSONDecoderDateFormatter.swift in Sources */ = {isa = PBXBuildFile; fileRef = 98AEE3B62376502600DDE6DD /* JSONDecoderDateFormatter.swift */; };
		98AEE3BD2376510600DDE6DD /* ReusableExtensionTests.swift in Sources */ = {isa = PBXBuildFile; fileRef = 98AEE3BA2376510600DDE6DD /* ReusableExtensionTests.swift */; };
		98AEE3BE2376510600DDE6DD /* array.json in Resources */ = {isa = PBXBuildFile; fileRef = 98AEE3BB2376510600DDE6DD /* array.json */; };
		98AEE3BF2376510600DDE6DD /* object.json in Resources */ = {isa = PBXBuildFile; fileRef = 98AEE3BC2376510600DDE6DD /* object.json */; };
		98AEE3C22376539800DDE6DD /* ModelViewModelTests.swift in Sources */ = {isa = PBXBuildFile; fileRef = 98AEE3C12376539800DDE6DD /* ModelViewModelTests.swift */; };
		98AEE3C4237654EA00DDE6DD /* SongModelViewModel.swift in Sources */ = {isa = PBXBuildFile; fileRef = 98AEE3C3237654EA00DDE6DD /* SongModelViewModel.swift */; };
		CE28F0A531C1DBD466B15115 /* Pods_MusicSearchIOSTests.framework in Frameworks */ = {isa = PBXBuildFile; fileRef = 3AB0B5FE5A3BE3B9CE647CA4 /* Pods_MusicSearchIOSTests.framework */; };
		D723002D305B547DEDF7623A /* Pods_MusicSearchKit.framework in Frameworks */ = {isa = PBXBuildFile; fileRef = E531A11E47DD42D7D3E7A52D /* Pods_MusicSearchKit.framework */; };
		E763C4DA6CF92726BA201ED2 /* Pods_MusicSearch.framework in Frameworks */ = {isa = PBXBuildFile; fileRef = 0C63BB477BB42617C7E03241 /* Pods_MusicSearch.framework */; };
		EF2AE112125DD8B859726648 /* Pods_MusicSearchIOS.framework in Frameworks */ = {isa = PBXBuildFile; fileRef = 4B84C009D1DFEB69B3466A6F /* Pods_MusicSearchIOS.framework */; };
/* End PBXBuildFile section */

/* Begin PBXContainerItemProxy section */
		9869AEF0237626B400BE08D9 /* PBXContainerItemProxy */ = {
			isa = PBXContainerItemProxy;
			containerPortal = 98210CF7237615B4009B31D5 /* Project object */;
			proxyType = 1;
			remoteGlobalIDString = 9869AEE5237626B400BE08D9;
			remoteInfo = MusicSearchKit;
		};
		9869AEF2237626B400BE08D9 /* PBXContainerItemProxy */ = {
			isa = PBXContainerItemProxy;
			containerPortal = 98210CF7237615B4009B31D5 /* Project object */;
			proxyType = 1;
			remoteGlobalIDString = 98210CFE237615B4009B31D5;
			remoteInfo = MusicSearch;
		};
		9869AEF9237626B400BE08D9 /* PBXContainerItemProxy */ = {
			isa = PBXContainerItemProxy;
			containerPortal = 98210CF7237615B4009B31D5 /* Project object */;
			proxyType = 1;
			remoteGlobalIDString = 9869AEE5237626B400BE08D9;
			remoteInfo = MusicSearchKit;
		};
		9869AF13237626C900BE08D9 /* PBXContainerItemProxy */ = {
			isa = PBXContainerItemProxy;
			containerPortal = 98210CF7237615B4009B31D5 /* Project object */;
			proxyType = 1;
			remoteGlobalIDString = 9869AF08237626C900BE08D9;
			remoteInfo = MusicSearchIOS;
		};
		9869AF15237626C900BE08D9 /* PBXContainerItemProxy */ = {
			isa = PBXContainerItemProxy;
			containerPortal = 98210CF7237615B4009B31D5 /* Project object */;
			proxyType = 1;
			remoteGlobalIDString = 98210CFE237615B4009B31D5;
			remoteInfo = MusicSearch;
		};
		9869AF1C237626C900BE08D9 /* PBXContainerItemProxy */ = {
			isa = PBXContainerItemProxy;
			containerPortal = 98210CF7237615B4009B31D5 /* Project object */;
			proxyType = 1;
			remoteGlobalIDString = 9869AF08237626C900BE08D9;
			remoteInfo = MusicSearchIOS;
		};
		9869AF28237627C900BE08D9 /* PBXContainerItemProxy */ = {
			isa = PBXContainerItemProxy;
			containerPortal = 98210CF7237615B4009B31D5 /* Project object */;
			proxyType = 1;
			remoteGlobalIDString = 9869AEE5237626B400BE08D9;
			remoteInfo = MusicSearchKit;
		};
/* End PBXContainerItemProxy section */

/* Begin PBXCopyFilesBuildPhase section */
		9869AF00237626B400BE08D9 /* Embed Frameworks */ = {
			isa = PBXCopyFilesBuildPhase;
			buildActionMask = 2147483647;
			dstPath = "";
			dstSubfolderSpec = 10;
			files = (
				9869AF1F237626C900BE08D9 /* MusicSearchIOS.framework in Embed Frameworks */,
				9869AEFC237626B400BE08D9 /* MusicSearchKit.framework in Embed Frameworks */,
			);
			name = "Embed Frameworks";
			runOnlyForDeploymentPostprocessing = 0;
		};
		9869AF2A237627CA00BE08D9 /* Embed Frameworks */ = {
			isa = PBXCopyFilesBuildPhase;
			buildActionMask = 2147483647;
			dstPath = "";
			dstSubfolderSpec = 10;
			files = (
				9869AF27237627C900BE08D9 /* MusicSearchKit.framework in Embed Frameworks */,
			);
			name = "Embed Frameworks";
			runOnlyForDeploymentPostprocessing = 0;
		};
/* End PBXCopyFilesBuildPhase section */

/* Begin PBXFileReference section */
		0C63BB477BB42617C7E03241 /* Pods_MusicSearch.framework */ = {isa = PBXFileReference; explicitFileType = wrapper.framework; includeInIndex = 0; path = Pods_MusicSearch.framework; sourceTree = BUILT_PRODUCTS_DIR; };
		169958ADE870AF22BB1B0504 /* Pods-MusicSearchKit.release.xcconfig */ = {isa = PBXFileReference; includeInIndex = 1; lastKnownFileType = text.xcconfig; name = "Pods-MusicSearchKit.release.xcconfig"; path = "Target Support Files/Pods-MusicSearchKit/Pods-MusicSearchKit.release.xcconfig"; sourceTree = "<group>"; };
		1BCAB678CB5F02175B6DFBB8 /* Pods-MusicSearchKit.debug.xcconfig */ = {isa = PBXFileReference; includeInIndex = 1; lastKnownFileType = text.xcconfig; name = "Pods-MusicSearchKit.debug.xcconfig"; path = "Target Support Files/Pods-MusicSearchKit/Pods-MusicSearchKit.debug.xcconfig"; sourceTree = "<group>"; };
		253AA43B7A5CB145D364CFB5 /* Pods-MusicSearchKitTests.release.xcconfig */ = {isa = PBXFileReference; includeInIndex = 1; lastKnownFileType = text.xcconfig; name = "Pods-MusicSearchKitTests.release.xcconfig"; path = "Target Support Files/Pods-MusicSearchKitTests/Pods-MusicSearchKitTests.release.xcconfig"; sourceTree = "<group>"; };
		26B811B2F6D4598DEDB93B41 /* Pods-MusicSearchTests.release.xcconfig */ = {isa = PBXFileReference; includeInIndex = 1; lastKnownFileType = text.xcconfig; name = "Pods-MusicSearchTests.release.xcconfig"; path = "Target Support Files/Pods-MusicSearchTests/Pods-MusicSearchTests.release.xcconfig"; sourceTree = "<group>"; };
		2C8A3AF38DBD63219B0A8072 /* Pods-MusicSearchIOS.debug.xcconfig */ = {isa = PBXFileReference; includeInIndex = 1; lastKnownFileType = text.xcconfig; name = "Pods-MusicSearchIOS.debug.xcconfig"; path = "Target Support Files/Pods-MusicSearchIOS/Pods-MusicSearchIOS.debug.xcconfig"; sourceTree = "<group>"; };
		32652A392B08D7E97984C50F /* Pods-MusicSearch-MusicSearchKit.release.xcconfig */ = {isa = PBXFileReference; includeInIndex = 1; lastKnownFileType = text.xcconfig; name = "Pods-MusicSearch-MusicSearchKit.release.xcconfig"; path = "Target Support Files/Pods-MusicSearch-MusicSearchKit/Pods-MusicSearch-MusicSearchKit.release.xcconfig"; sourceTree = "<group>"; };
		37B01450D74F14C9C0650C0C /* Pods-MusicSearch.debug.xcconfig */ = {isa = PBXFileReference; includeInIndex = 1; lastKnownFileType = text.xcconfig; name = "Pods-MusicSearch.debug.xcconfig"; path = "Target Support Files/Pods-MusicSearch/Pods-MusicSearch.debug.xcconfig"; sourceTree = "<group>"; };
		3887515F567EF6B88C18F78D /* Pods-MusicSearch-MusicSearchIOS-MusicSearchKitTests.debug.xcconfig */ = {isa = PBXFileReference; includeInIndex = 1; lastKnownFileType = text.xcconfig; name = "Pods-MusicSearch-MusicSearchIOS-MusicSearchKitTests.debug.xcconfig"; path = "Target Support Files/Pods-MusicSearch-MusicSearchIOS-MusicSearchKitTests/Pods-MusicSearch-MusicSearchIOS-MusicSearchKitTests.debug.xcconfig"; sourceTree = "<group>"; };
		3AB0B5FE5A3BE3B9CE647CA4 /* Pods_MusicSearchIOSTests.framework */ = {isa = PBXFileReference; explicitFileType = wrapper.framework; includeInIndex = 0; path = Pods_MusicSearchIOSTests.framework; sourceTree = BUILT_PRODUCTS_DIR; };
		40F86F39A1172FBADC8765D0 /* Pods-MusicSearch.release.xcconfig */ = {isa = PBXFileReference; includeInIndex = 1; lastKnownFileType = text.xcconfig; name = "Pods-MusicSearch.release.xcconfig"; path = "Target Support Files/Pods-MusicSearch/Pods-MusicSearch.release.xcconfig"; sourceTree = "<group>"; };
		4B84C009D1DFEB69B3466A6F /* Pods_MusicSearchIOS.framework */ = {isa = PBXFileReference; explicitFileType = wrapper.framework; includeInIndex = 0; path = Pods_MusicSearchIOS.framework; sourceTree = BUILT_PRODUCTS_DIR; };
		59C37770D744FBAB7995CC0D /* Pods-MusicSearch-MusicSearchIOS-MusicSearchKitTests.release.xcconfig */ = {isa = PBXFileReference; includeInIndex = 1; lastKnownFileType = text.xcconfig; name = "Pods-MusicSearch-MusicSearchIOS-MusicSearchKitTests.release.xcconfig"; path = "Target Support Files/Pods-MusicSearch-MusicSearchIOS-MusicSearchKitTests/Pods-MusicSearch-MusicSearchIOS-MusicSearchKitTests.release.xcconfig"; sourceTree = "<group>"; };
		5A1360279C1873652929EA68 /* Pods-MusicSearchTests.debug.xcconfig */ = {isa = PBXFileReference; includeInIndex = 1; lastKnownFileType = text.xcconfig; name = "Pods-MusicSearchTests.debug.xcconfig"; path = "Target Support Files/Pods-MusicSearchTests/Pods-MusicSearchTests.debug.xcconfig"; sourceTree = "<group>"; };
		62C23B7C735AA86923C43DA5 /* Pods-MusicSearch-MusicSearchIOS.debug.xcconfig */ = {isa = PBXFileReference; includeInIndex = 1; lastKnownFileType = text.xcconfig; name = "Pods-MusicSearch-MusicSearchIOS.debug.xcconfig"; path = "Target Support Files/Pods-MusicSearch-MusicSearchIOS/Pods-MusicSearch-MusicSearchIOS.debug.xcconfig"; sourceTree = "<group>"; };
		6F88C1CF941128E8194E57BB /* Pods-MusicSearch-MusicSearchKit-MusicSearchIOSTests.release.xcconfig */ = {isa = PBXFileReference; includeInIndex = 1; lastKnownFileType = text.xcconfig; name = "Pods-MusicSearch-MusicSearchKit-MusicSearchIOSTests.release.xcconfig"; path = "Target Support Files/Pods-MusicSearch-MusicSearchKit-MusicSearchIOSTests/Pods-MusicSearch-MusicSearchKit-MusicSearchIOSTests.release.xcconfig"; sourceTree = "<group>"; };
		7B763813C3023D01C3E1235F /* Pods_MusicSearchKitTests.framework */ = {isa = PBXFileReference; explicitFileType = wrapper.framework; includeInIndex = 0; path = Pods_MusicSearchKitTests.framework; sourceTree = BUILT_PRODUCTS_DIR; };
		7E9CD1628100FFF1951FBB78 /* Pods-MusicSearch-MusicSearchKit-MusicSearchIOSTests.debug.xcconfig */ = {isa = PBXFileReference; includeInIndex = 1; lastKnownFileType = text.xcconfig; name = "Pods-MusicSearch-MusicSearchKit-MusicSearchIOSTests.debug.xcconfig"; path = "Target Support Files/Pods-MusicSearch-MusicSearchKit-MusicSearchIOSTests/Pods-MusicSearch-MusicSearchKit-MusicSearchIOSTests.debug.xcconfig"; sourceTree = "<group>"; };
		84FB181665529DD45A05A8F3 /* Pods-MusicSearch-MusicSearchKit.debug.xcconfig */ = {isa = PBXFileReference; includeInIndex = 1; lastKnownFileType = text.xcconfig; name = "Pods-MusicSearch-MusicSearchKit.debug.xcconfig"; path = "Target Support Files/Pods-MusicSearch-MusicSearchKit/Pods-MusicSearch-MusicSearchKit.debug.xcconfig"; sourceTree = "<group>"; };
		97D385CE47E1471D830AB9C1 /* Pods-MusicSearchIOSTests.debug.xcconfig */ = {isa = PBXFileReference; includeInIndex = 1; lastKnownFileType = text.xcconfig; name = "Pods-MusicSearchIOSTests.debug.xcconfig"; path = "Target Support Files/Pods-MusicSearchIOSTests/Pods-MusicSearchIOSTests.debug.xcconfig"; sourceTree = "<group>"; };
		98210CFF237615B4009B31D5 /* MusicSearch.app */ = {isa = PBXFileReference; explicitFileType = wrapper.application; includeInIndex = 0; path = MusicSearch.app; sourceTree = BUILT_PRODUCTS_DIR; };
		98210D02237615B4009B31D5 /* AppDelegate.swift */ = {isa = PBXFileReference; lastKnownFileType = sourcecode.swift; path = AppDelegate.swift; sourceTree = "<group>"; };
		98210D0B237615B5009B31D5 /* Assets.xcassets */ = {isa = PBXFileReference; lastKnownFileType = folder.assetcatalog; path = Assets.xcassets; sourceTree = "<group>"; };
		98210D0E237615B5009B31D5 /* Base */ = {isa = PBXFileReference; lastKnownFileType = file.storyboard; name = Base; path = Base.lproj/LaunchScreen.storyboard; sourceTree = "<group>"; };
		98210D10237615B5009B31D5 /* Info.plist */ = {isa = PBXFileReference; lastKnownFileType = text.plist.xml; path = Info.plist; sourceTree = "<group>"; };
		9835F60123765B9600FC7789 /* SongListViewModelTests.swift */ = {isa = PBXFileReference; lastKnownFileType = sourcecode.swift; path = SongListViewModelTests.swift; sourceTree = "<group>"; };
		9835F60323765C3D00FC7789 /* SongListViewModel.swift */ = {isa = PBXFileReference; lastKnownFileType = sourcecode.swift; path = SongListViewModel.swift; sourceTree = "<group>"; };
		9835F60923765DD600FC7789 /* ManagerRequestAPITests.swift */ = {isa = PBXFileReference; fileEncoding = 4; lastKnownFileType = sourcecode.swift; path = ManagerRequestAPITests.swift; sourceTree = "<group>"; };
		9835F61223765F4300FC7789 /* StubService.swift */ = {isa = PBXFileReference; fileEncoding = 4; lastKnownFileType = sourcecode.swift; path = StubService.swift; sourceTree = "<group>"; };
		9835F61723765F4300FC7789 /* ManagerRequestAPI.swift */ = {isa = PBXFileReference; fileEncoding = 4; lastKnownFileType = sourcecode.swift; path = ManagerRequestAPI.swift; sourceTree = "<group>"; };
		9835F61923765F4300FC7789 /* URLSessionManagerRequestAPI.swift */ = {isa = PBXFileReference; fileEncoding = 4; lastKnownFileType = sourcecode.swift; path = URLSessionManagerRequestAPI.swift; sourceTree = "<group>"; };
		9835F61A23765F4300FC7789 /* NetworkHTTPMethod.swift */ = {isa = PBXFileReference; fileEncoding = 4; lastKnownFileType = sourcecode.swift; path = NetworkHTTPMethod.swift; sourceTree = "<group>"; };
		9835F61B23765F4300FC7789 /* NetworkResult.swift */ = {isa = PBXFileReference; fileEncoding = 4; lastKnownFileType = sourcecode.swift; path = NetworkResult.swift; sourceTree = "<group>"; };
		9835F61C23765F4300FC7789 /* NetworkError.swift */ = {isa = PBXFileReference; fileEncoding = 4; lastKnownFileType = sourcecode.swift; path = NetworkError.swift; sourceTree = "<group>"; };
		9835F61D23765F4300FC7789 /* Endpoint.swift */ = {isa = PBXFileReference; fileEncoding = 4; lastKnownFileType = sourcecode.swift; path = Endpoint.swift; sourceTree = "<group>"; };
		9835F62A2376608E00FC7789 /* search?term=something&mediaType=music&limit20.json */ = {isa = PBXFileReference; fileEncoding = 4; lastKnownFileType = text.json; name = "search?term=something&mediaType=music&limit20.json"; path = "MusicSearchKit/Repository/Network/Stubs/JSON/search?term=something&mediaType=music&limit20.json"; sourceTree = SOURCE_ROOT; };
		9835F62C2376615B00FC7789 /* artwork-demo.png */ = {isa = PBXFileReference; lastKnownFileType = image.png; path = "artwork-demo.png"; sourceTree = "<group>"; };
		9835F62F2376647600FC7789 /* NetworkHTTPTests.swift */ = {isa = PBXFileReference; fileEncoding = 4; lastKnownFileType = sourcecode.swift; path = NetworkHTTPTests.swift; sourceTree = "<group>"; };
		9835F6332376650D00FC7789 /* SongListRemoteAPI.swift */ = {isa = PBXFileReference; lastKnownFileType = sourcecode.swift; path = SongListRemoteAPI.swift; sourceTree = "<group>"; };
		9835F6352376652F00FC7789 /* SongListEndpoint.swift */ = {isa = PBXFileReference; lastKnownFileType = sourcecode.swift; path = SongListEndpoint.swift; sourceTree = "<group>"; };
		9869AEE6237626B400BE08D9 /* MusicSearchKit.framework */ = {isa = PBXFileReference; explicitFileType = wrapper.framework; includeInIndex = 0; path = MusicSearchKit.framework; sourceTree = BUILT_PRODUCTS_DIR; };
		9869AEE8237626B400BE08D9 /* MusicSearchKit.h */ = {isa = PBXFileReference; lastKnownFileType = sourcecode.c.h; path = MusicSearchKit.h; sourceTree = "<group>"; };
		9869AEE9237626B400BE08D9 /* Info.plist */ = {isa = PBXFileReference; lastKnownFileType = text.plist.xml; path = Info.plist; sourceTree = "<group>"; };
		9869AEEE237626B400BE08D9 /* MusicSearchKitTests.xctest */ = {isa = PBXFileReference; explicitFileType = wrapper.cfbundle; includeInIndex = 0; path = MusicSearchKitTests.xctest; sourceTree = BUILT_PRODUCTS_DIR; };
		9869AEF5237626B400BE08D9 /* ModelTests.swift */ = {isa = PBXFileReference; lastKnownFileType = sourcecode.swift; path = ModelTests.swift; sourceTree = "<group>"; };
		9869AEF7237626B400BE08D9 /* Info.plist */ = {isa = PBXFileReference; lastKnownFileType = text.plist.xml; path = Info.plist; sourceTree = "<group>"; };
		9869AF09237626C900BE08D9 /* MusicSearchIOS.framework */ = {isa = PBXFileReference; explicitFileType = wrapper.framework; includeInIndex = 0; path = MusicSearchIOS.framework; sourceTree = BUILT_PRODUCTS_DIR; };
		9869AF0B237626C900BE08D9 /* MusicSearchIOS.h */ = {isa = PBXFileReference; lastKnownFileType = sourcecode.c.h; path = MusicSearchIOS.h; sourceTree = "<group>"; };
		9869AF0C237626C900BE08D9 /* Info.plist */ = {isa = PBXFileReference; lastKnownFileType = text.plist.xml; path = Info.plist; sourceTree = "<group>"; };
		9869AF11237626C900BE08D9 /* MusicSearchIOSTests.xctest */ = {isa = PBXFileReference; explicitFileType = wrapper.cfbundle; includeInIndex = 0; path = MusicSearchIOSTests.xctest; sourceTree = BUILT_PRODUCTS_DIR; };
		9869AF1A237626C900BE08D9 /* Info.plist */ = {isa = PBXFileReference; lastKnownFileType = text.plist.xml; path = Info.plist; sourceTree = "<group>"; };
		9869AF2F237628C500BE08D9 /* MusicSearchAppDependencyContainer.swift */ = {isa = PBXFileReference; lastKnownFileType = sourcecode.swift; path = MusicSearchAppDependencyContainer.swift; sourceTree = "<group>"; };
		9869AF312376294300BE08D9 /* DependencyContainerTests.swift */ = {isa = PBXFileReference; lastKnownFileType = sourcecode.swift; path = DependencyContainerTests.swift; sourceTree = "<group>"; };
		9884F7AE2376323D0041F314 /* SongModel.swift */ = {isa = PBXFileReference; lastKnownFileType = sourcecode.swift; path = SongModel.swift; sourceTree = "<group>"; };
		9884F7B2237647320041F314 /* song.json */ = {isa = PBXFileReference; lastKnownFileType = text.json; path = song.json; sourceTree = "<group>"; };
		9884F7B6237647BB0041F314 /* DateFormatter+iso.swift */ = {isa = PBXFileReference; fileEncoding = 4; lastKnownFileType = sourcecode.swift; path = "DateFormatter+iso.swift"; sourceTree = "<group>"; };
		9884F7B7237647BB0041F314 /* Bundle+json.swift */ = {isa = PBXFileReference; fileEncoding = 4; lastKnownFileType = sourcecode.swift; path = "Bundle+json.swift"; sourceTree = "<group>"; };
		9884F7B8237647BB0041F314 /* String+removeslashes.swift */ = {isa = PBXFileReference; fileEncoding = 4; lastKnownFileType = sourcecode.swift; path = "String+removeslashes.swift"; sourceTree = "<group>"; };
		9893C24423768D1900C952D6 /* SongListRemoteTests.swift */ = {isa = PBXFileReference; lastKnownFileType = sourcecode.swift; path = SongListRemoteTests.swift; sourceTree = "<group>"; };
		9893C24723768E4C00C952D6 /* SongListAPI.swift */ = {isa = PBXFileReference; lastKnownFileType = sourcecode.swift; path = SongListAPI.swift; sourceTree = "<group>"; };
		9893C2492376919A00C952D6 /* FakeManagerRequestAPI.swift */ = {isa = PBXFileReference; lastKnownFileType = sourcecode.swift; path = FakeManagerRequestAPI.swift; sourceTree = "<group>"; };
		9893C24B2376A4CA00C952D6 /* ErrorMessage.swift */ = {isa = PBXFileReference; lastKnownFileType = sourcecode.swift; path = ErrorMessage.swift; sourceTree = "<group>"; };
		9893C24E2376AFA100C952D6 /* FakeSongListRemoteAPI.swift */ = {isa = PBXFileReference; lastKnownFileType = sourcecode.swift; path = FakeSongListRemoteAPI.swift; sourceTree = "<group>"; };
		9893C2532376BB9D00C952D6 /* FakeSongListRemoteAPIError.swift */ = {isa = PBXFileReference; lastKnownFileType = sourcecode.swift; path = FakeSongListRemoteAPIError.swift; sourceTree = "<group>"; };
		9893C2562376C04400C952D6 /* RootViewModelTests.swift */ = {isa = PBXFileReference; lastKnownFileType = sourcecode.swift; path = RootViewModelTests.swift; sourceTree = "<group>"; };
		9893C2582376C0DB00C952D6 /* RootViewModel.swift */ = {isa = PBXFileReference; lastKnownFileType = sourcecode.swift; path = RootViewModel.swift; sourceTree = "<group>"; };
		9893C25C2376C2D900C952D6 /* ImageCache.swift */ = {isa = PBXFileReference; fileEncoding = 4; lastKnownFileType = sourcecode.swift; path = ImageCache.swift; sourceTree = "<group>"; };
		9893C25E2376C2D900C952D6 /* ImageCacheKingfisher.swift */ = {isa = PBXFileReference; fileEncoding = 4; lastKnownFileType = sourcecode.swift; path = ImageCacheKingfisher.swift; sourceTree = "<group>"; };
		9893C2602376C2D900C952D6 /* BaseLabel.swift */ = {isa = PBXFileReference; fileEncoding = 4; lastKnownFileType = sourcecode.swift; path = BaseLabel.swift; sourceTree = "<group>"; };
		9893C2622376C2D900C952D6 /* NiblessCollectionViewCell.swift */ = {isa = PBXFileReference; fileEncoding = 4; lastKnownFileType = sourcecode.swift; path = NiblessCollectionViewCell.swift; sourceTree = "<group>"; };
		9893C2632376C2D900C952D6 /* NiblessImageView.swift */ = {isa = PBXFileReference; fileEncoding = 4; lastKnownFileType = sourcecode.swift; path = NiblessImageView.swift; sourceTree = "<group>"; };
		9893C2642376C2D900C952D6 /* NiblessView.swift */ = {isa = PBXFileReference; fileEncoding = 4; lastKnownFileType = sourcecode.swift; path = NiblessView.swift; sourceTree = "<group>"; };
		9893C2652376C2D900C952D6 /* NiblessButton.swift */ = {isa = PBXFileReference; fileEncoding = 4; lastKnownFileType = sourcecode.swift; path = NiblessButton.swift; sourceTree = "<group>"; };
		9893C2662376C2D900C952D6 /* NiblessLabel.swift */ = {isa = PBXFileReference; fileEncoding = 4; lastKnownFileType = sourcecode.swift; path = NiblessLabel.swift; sourceTree = "<group>"; };
		9893C2672376C2D900C952D6 /* NiblessNavigationController.swift */ = {isa = PBXFileReference; fileEncoding = 4; lastKnownFileType = sourcecode.swift; path = NiblessNavigationController.swift; sourceTree = "<group>"; };
		9893C2682376C2D900C952D6 /* NiblessViewController.swift */ = {isa = PBXFileReference; fileEncoding = 4; lastKnownFileType = sourcecode.swift; path = NiblessViewController.swift; sourceTree = "<group>"; };
		9893C2692376C2D900C952D6 /* BaseImageView.swift */ = {isa = PBXFileReference; fileEncoding = 4; lastKnownFileType = sourcecode.swift; path = BaseImageView.swift; sourceTree = "<group>"; };
		9893C26B2376C2D900C952D6 /* UIViewController+child.swift */ = {isa = PBXFileReference; fileEncoding = 4; lastKnownFileType = sourcecode.swift; path = "UIViewController+child.swift"; sourceTree = "<group>"; };
		9893C26C2376C2D900C952D6 /* UIViewController+presentErrorMessage.swift */ = {isa = PBXFileReference; fileEncoding = 4; lastKnownFileType = sourcecode.swift; path = "UIViewController+presentErrorMessage.swift"; sourceTree = "<group>"; };
		9893C26D2376C2D900C952D6 /* UIView+addSubviews.swift */ = {isa = PBXFileReference; fileEncoding = 4; lastKnownFileType = sourcecode.swift; path = "UIView+addSubviews.swift"; sourceTree = "<group>"; };
		98AEE3B62376502600DDE6DD /* JSONDecoderDateFormatter.swift */ = {isa = PBXFileReference; lastKnownFileType = sourcecode.swift; path = JSONDecoderDateFormatter.swift; sourceTree = "<group>"; };
		98AEE3BA2376510600DDE6DD /* ReusableExtensionTests.swift */ = {isa = PBXFileReference; fileEncoding = 4; lastKnownFileType = sourcecode.swift; path = ReusableExtensionTests.swift; sourceTree = "<group>"; };
		98AEE3BB2376510600DDE6DD /* array.json */ = {isa = PBXFileReference; fileEncoding = 4; lastKnownFileType = text.json; path = array.json; sourceTree = "<group>"; };
		98AEE3BC2376510600DDE6DD /* object.json */ = {isa = PBXFileReference; fileEncoding = 4; lastKnownFileType = text.json; path = object.json; sourceTree = "<group>"; };
		98AEE3C12376539800DDE6DD /* ModelViewModelTests.swift */ = {isa = PBXFileReference; lastKnownFileType = sourcecode.swift; path = ModelViewModelTests.swift; sourceTree = "<group>"; };
		98AEE3C3237654EA00DDE6DD /* SongModelViewModel.swift */ = {isa = PBXFileReference; lastKnownFileType = sourcecode.swift; path = SongModelViewModel.swift; sourceTree = "<group>"; };
		9E0736DCF6FB302CFD69F2D8 /* Pods-MusicSearch-MusicSearchIOS.release.xcconfig */ = {isa = PBXFileReference; includeInIndex = 1; lastKnownFileType = text.xcconfig; name = "Pods-MusicSearch-MusicSearchIOS.release.xcconfig"; path = "Target Support Files/Pods-MusicSearch-MusicSearchIOS/Pods-MusicSearch-MusicSearchIOS.release.xcconfig"; sourceTree = "<group>"; };
		A590E2FD30145FF8B4AA5AEC /* Pods-MusicSearchKitTests.debug.xcconfig */ = {isa = PBXFileReference; includeInIndex = 1; lastKnownFileType = text.xcconfig; name = "Pods-MusicSearchKitTests.debug.xcconfig"; path = "Target Support Files/Pods-MusicSearchKitTests/Pods-MusicSearchKitTests.debug.xcconfig"; sourceTree = "<group>"; };
		B0D6A9D483BB22F2DBC0FBEC /* Pods_MusicSearchTests.framework */ = {isa = PBXFileReference; explicitFileType = wrapper.framework; includeInIndex = 0; path = Pods_MusicSearchTests.framework; sourceTree = BUILT_PRODUCTS_DIR; };
		E531A11E47DD42D7D3E7A52D /* Pods_MusicSearchKit.framework */ = {isa = PBXFileReference; explicitFileType = wrapper.framework; includeInIndex = 0; path = Pods_MusicSearchKit.framework; sourceTree = BUILT_PRODUCTS_DIR; };
		F03CC7022227BA2AE34A790B /* Pods-MusicSearchIOSTests.release.xcconfig */ = {isa = PBXFileReference; includeInIndex = 1; lastKnownFileType = text.xcconfig; name = "Pods-MusicSearchIOSTests.release.xcconfig"; path = "Target Support Files/Pods-MusicSearchIOSTests/Pods-MusicSearchIOSTests.release.xcconfig"; sourceTree = "<group>"; };
		F30DB5A5C358CF47C8ACFC97 /* Pods-MusicSearchIOS.release.xcconfig */ = {isa = PBXFileReference; includeInIndex = 1; lastKnownFileType = text.xcconfig; name = "Pods-MusicSearchIOS.release.xcconfig"; path = "Target Support Files/Pods-MusicSearchIOS/Pods-MusicSearchIOS.release.xcconfig"; sourceTree = "<group>"; };
/* End PBXFileReference section */

/* Begin PBXFrameworksBuildPhase section */
		98210CFC237615B4009B31D5 /* Frameworks */ = {
			isa = PBXFrameworksBuildPhase;
			buildActionMask = 2147483647;
			files = (
				E763C4DA6CF92726BA201ED2 /* Pods_MusicSearch.framework in Frameworks */,
				9869AF1E237626C900BE08D9 /* MusicSearchIOS.framework in Frameworks */,
				9869AEFB237626B400BE08D9 /* MusicSearchKit.framework in Frameworks */,
			);
			runOnlyForDeploymentPostprocessing = 0;
		};
		9869AEE3237626B400BE08D9 /* Frameworks */ = {
			isa = PBXFrameworksBuildPhase;
			buildActionMask = 2147483647;
			files = (
				D723002D305B547DEDF7623A /* Pods_MusicSearchKit.framework in Frameworks */,
			);
			runOnlyForDeploymentPostprocessing = 0;
		};
		9869AEEB237626B400BE08D9 /* Frameworks */ = {
			isa = PBXFrameworksBuildPhase;
			buildActionMask = 2147483647;
			files = (
				9869AEEF237626B400BE08D9 /* MusicSearchKit.framework in Frameworks */,
				74AC49060DC62A76BFE46AF9 /* Pods_MusicSearchKitTests.framework in Frameworks */,
			);
			runOnlyForDeploymentPostprocessing = 0;
		};
		9869AF06237626C900BE08D9 /* Frameworks */ = {
			isa = PBXFrameworksBuildPhase;
			buildActionMask = 2147483647;
			files = (
				9869AF26237627C900BE08D9 /* MusicSearchKit.framework in Frameworks */,
				EF2AE112125DD8B859726648 /* Pods_MusicSearchIOS.framework in Frameworks */,
			);
			runOnlyForDeploymentPostprocessing = 0;
		};
		9869AF0E237626C900BE08D9 /* Frameworks */ = {
			isa = PBXFrameworksBuildPhase;
			buildActionMask = 2147483647;
			files = (
				9869AF12237626C900BE08D9 /* MusicSearchIOS.framework in Frameworks */,
				CE28F0A531C1DBD466B15115 /* Pods_MusicSearchIOSTests.framework in Frameworks */,
			);
			runOnlyForDeploymentPostprocessing = 0;
		};
/* End PBXFrameworksBuildPhase section */

/* Begin PBXGroup section */
		98210CF6237615B4009B31D5 = {
			isa = PBXGroup;
			children = (
				98210D01237615B4009B31D5 /* MusicSearch */,
				9869AF0A237626C900BE08D9 /* MusicSearchIOS */,
				9869AEE7237626B400BE08D9 /* MusicSearchKit */,
				9869AEF4237626B400BE08D9 /* MusicSearchKitTests */,
				9869AF17237626C900BE08D9 /* MusicSearchIOSTests */,
				98210D00237615B4009B31D5 /* Products */,
				A2E9290A47C5EA105445B5F8 /* Pods */,
				DCC0879F4563D625E7607D87 /* Frameworks */,
			);
			sourceTree = "<group>";
		};
		98210D00237615B4009B31D5 /* Products */ = {
			isa = PBXGroup;
			children = (
				98210CFF237615B4009B31D5 /* MusicSearch.app */,
				9869AEE6237626B400BE08D9 /* MusicSearchKit.framework */,
				9869AEEE237626B400BE08D9 /* MusicSearchKitTests.xctest */,
				9869AF09237626C900BE08D9 /* MusicSearchIOS.framework */,
				9869AF11237626C900BE08D9 /* MusicSearchIOSTests.xctest */,
			);
			name = Products;
			sourceTree = "<group>";
		};
		98210D01237615B4009B31D5 /* MusicSearch */ = {
			isa = PBXGroup;
			children = (
				98210D02237615B4009B31D5 /* AppDelegate.swift */,
				98210D0B237615B5009B31D5 /* Assets.xcassets */,
				98210D0D237615B5009B31D5 /* LaunchScreen.storyboard */,
				98210D10237615B5009B31D5 /* Info.plist */,
			);
			path = MusicSearch;
			sourceTree = "<group>";
		};
		9835F5FF23765B3A00FC7789 /* Model */ = {
			isa = PBXGroup;
			children = (
				98AEE3C3237654EA00DDE6DD /* SongModelViewModel.swift */,
				9893C24B2376A4CA00C952D6 /* ErrorMessage.swift */,
			);
			path = Model;
			sourceTree = "<group>";
		};
		9835F60023765B4700FC7789 /* Section */ = {
			isa = PBXGroup;
			children = (
				9835F60323765C3D00FC7789 /* SongListViewModel.swift */,
				9893C2582376C0DB00C952D6 /* RootViewModel.swift */,
			);
			path = Section;
			sourceTree = "<group>";
		};
		9835F60523765D9D00FC7789 /* Repository */ = {
			isa = PBXGroup;
			children = (
				9835F61023765F4300FC7789 /* Network */,
				9835F60623765DB400FC7789 /* Remote */,
			);
			path = Repository;
			sourceTree = "<group>";
		};
		9835F60623765DB400FC7789 /* Remote */ = {
			isa = PBXGroup;
			children = (
				9835F632237664EE00FC7789 /* SongList */,
			);
			path = Remote;
			sourceTree = "<group>";
		};
		9835F60723765DD600FC7789 /* Repository */ = {
			isa = PBXGroup;
			children = (
				9835F60823765DD600FC7789 /* Network */,
				9835F60B23765DD600FC7789 /* Remote */,
			);
			path = Repository;
			sourceTree = "<group>";
		};
		9835F60823765DD600FC7789 /* Network */ = {
			isa = PBXGroup;
			children = (
				9835F62F2376647600FC7789 /* NetworkHTTPTests.swift */,
				9835F60923765DD600FC7789 /* ManagerRequestAPITests.swift */,
			);
			path = Network;
			sourceTree = "<group>";
		};
		9835F60B23765DD600FC7789 /* Remote */ = {
			isa = PBXGroup;
			children = (
				9893C24423768D1900C952D6 /* SongListRemoteTests.swift */,
			);
			path = Remote;
			sourceTree = "<group>";
		};
		9835F61023765F4300FC7789 /* Network */ = {
			isa = PBXGroup;
			children = (
				9835F61A23765F4300FC7789 /* NetworkHTTPMethod.swift */,
				9835F61723765F4300FC7789 /* ManagerRequestAPI.swift */,
				9835F61B23765F4300FC7789 /* NetworkResult.swift */,
				9835F61C23765F4300FC7789 /* NetworkError.swift */,
				9835F61D23765F4300FC7789 /* Endpoint.swift */,
				9835F61123765F4300FC7789 /* Stubs */,
				9835F61823765F4300FC7789 /* Managers */,
			);
			path = Network;
			sourceTree = "<group>";
		};
		9835F61123765F4300FC7789 /* Stubs */ = {
			isa = PBXGroup;
			children = (
				9835F61223765F4300FC7789 /* StubService.swift */,
				9835F61323765F4300FC7789 /* JSON */,
			);
			path = Stubs;
			sourceTree = "<group>";
		};
		9835F61323765F4300FC7789 /* JSON */ = {
			isa = PBXGroup;
			children = (
				9835F62C2376615B00FC7789 /* artwork-demo.png */,
				9835F62A2376608E00FC7789 /* search?term=something&mediaType=music&limit20.json */,
			);
			path = JSON;
			sourceTree = "<group>";
		};
		9835F61823765F4300FC7789 /* Managers */ = {
			isa = PBXGroup;
			children = (
				9835F61923765F4300FC7789 /* URLSessionManagerRequestAPI.swift */,
			);
			path = Managers;
			sourceTree = "<group>";
		};
		9835F632237664EE00FC7789 /* SongList */ = {
			isa = PBXGroup;
			children = (
				9893C24623768E3700C952D6 /* Implementation */,
				9835F6332376650D00FC7789 /* SongListRemoteAPI.swift */,
				9835F6352376652F00FC7789 /* SongListEndpoint.swift */,
			);
			path = SongList;
			sourceTree = "<group>";
		};
		9869AEE7237626B400BE08D9 /* MusicSearchKit */ = {
			isa = PBXGroup;
			children = (
				9835F60523765D9D00FC7789 /* Repository */,
				98AEE3B8237650D600DDE6DD /* ViewModel */,
				9884F7AD2376322B0041F314 /* Model */,
				9884F7B4237647BB0041F314 /* Reusable */,
				9869AEE8237626B400BE08D9 /* MusicSearchKit.h */,
				9869AEE9237626B400BE08D9 /* Info.plist */,
			);
			path = MusicSearchKit;
			sourceTree = "<group>";
		};
		9869AEF4237626B400BE08D9 /* MusicSearchKitTests */ = {
			isa = PBXGroup;
			children = (
				9893C24D2376AF7F00C952D6 /* Fake */,
				98AEE3C02376537500DDE6DD /* ViewModel */,
				9835F60723765DD600FC7789 /* Repository */,
				9884F7B12376470D0041F314 /* Models */,
				98AEE3B9237650FC00DDE6DD /* Reusable */,
				9869AEF7237626B400BE08D9 /* Info.plist */,
			);
			path = MusicSearchKitTests;
			sourceTree = "<group>";
		};
		9869AF0A237626C900BE08D9 /* MusicSearchIOS */ = {
			isa = PBXGroup;
			children = (
				9869AF2B2376286900BE08D9 /* iOSApp */,
				9869AF0B237626C900BE08D9 /* MusicSearchIOS.h */,
				9869AF0C237626C900BE08D9 /* Info.plist */,
			);
			path = MusicSearchIOS;
			sourceTree = "<group>";
		};
		9869AF17237626C900BE08D9 /* MusicSearchIOSTests */ = {
			isa = PBXGroup;
			children = (
				9893C27C2376C33500C952D6 /* Reusable */,
				9869AF312376294300BE08D9 /* DependencyContainerTests.swift */,
				9869AF1A237626C900BE08D9 /* Info.plist */,
			);
			path = MusicSearchIOSTests;
			sourceTree = "<group>";
		};
		9869AF2B2376286900BE08D9 /* iOSApp */ = {
			isa = PBXGroup;
			children = (
				9869AF2F237628C500BE08D9 /* MusicSearchAppDependencyContainer.swift */,
				9893C25A2376C2D900C952D6 /* Reusable */,
			);
			path = iOSApp;
			sourceTree = "<group>";
		};
		9884F7AD2376322B0041F314 /* Model */ = {
			isa = PBXGroup;
			children = (
				9884F7AE2376323D0041F314 /* SongModel.swift */,
			);
			path = Model;
			sourceTree = "<group>";
		};
		9884F7B0237646F90041F314 /* JSON */ = {
			isa = PBXGroup;
			children = (
				9884F7B2237647320041F314 /* song.json */,
			);
			path = JSON;
			sourceTree = "<group>";
		};
		9884F7B12376470D0041F314 /* Models */ = {
			isa = PBXGroup;
			children = (
				9884F7B0237646F90041F314 /* JSON */,
				9869AEF5237626B400BE08D9 /* ModelTests.swift */,
			);
			path = Models;
			sourceTree = "<group>";
		};
		9884F7B4237647BB0041F314 /* Reusable */ = {
			isa = PBXGroup;
			children = (
				98AEE3B52376501300DDE6DD /* Utils */,
				9884F7B5237647BB0041F314 /* Extensions */,
			);
			path = Reusable;
			sourceTree = "<group>";
		};
		9884F7B5237647BB0041F314 /* Extensions */ = {
			isa = PBXGroup;
			children = (
				9884F7B6237647BB0041F314 /* DateFormatter+iso.swift */,
				9884F7B7237647BB0041F314 /* Bundle+json.swift */,
				9884F7B8237647BB0041F314 /* String+removeslashes.swift */,
			);
			path = Extensions;
			sourceTree = "<group>";
		};
		9893C24623768E3700C952D6 /* Implementation */ = {
			isa = PBXGroup;
			children = (
				9893C24723768E4C00C952D6 /* SongListAPI.swift */,
			);
			path = Implementation;
			sourceTree = "<group>";
		};
		9893C24D2376AF7F00C952D6 /* Fake */ = {
			isa = PBXGroup;
			children = (
				9893C2492376919A00C952D6 /* FakeManagerRequestAPI.swift */,
				9893C24E2376AFA100C952D6 /* FakeSongListRemoteAPI.swift */,
				9893C2532376BB9D00C952D6 /* FakeSongListRemoteAPIError.swift */,
			);
			path = Fake;
			sourceTree = "<group>";
		};
		9893C2552376BFFB00C952D6 /* Section */ = {
			isa = PBXGroup;
			children = (
				9835F60123765B9600FC7789 /* SongListViewModelTests.swift */,
				9893C2562376C04400C952D6 /* RootViewModelTests.swift */,
			);
			path = Section;
			sourceTree = "<group>";
		};
		9893C25A2376C2D900C952D6 /* Reusable */ = {
			isa = PBXGroup;
			children = (
				9893C25B2376C2D900C952D6 /* ImageCache */,
				9893C25F2376C2D900C952D6 /* UIKit */,
				9893C26A2376C2D900C952D6 /* Extensions */,
			);
			path = Reusable;
			sourceTree = "<group>";
		};
		9893C25B2376C2D900C952D6 /* ImageCache */ = {
			isa = PBXGroup;
			children = (
				9893C25C2376C2D900C952D6 /* ImageCache.swift */,
				9893C25D2376C2D900C952D6 /* Implementations */,
			);
			path = ImageCache;
			sourceTree = "<group>";
		};
		9893C25D2376C2D900C952D6 /* Implementations */ = {
			isa = PBXGroup;
			children = (
				9893C25E2376C2D900C952D6 /* ImageCacheKingfisher.swift */,
			);
			path = Implementations;
			sourceTree = "<group>";
		};
		9893C25F2376C2D900C952D6 /* UIKit */ = {
			isa = PBXGroup;
			children = (
				9893C2612376C2D900C952D6 /* Nibless */,
				9893C2692376C2D900C952D6 /* BaseImageView.swift */,
				9893C2602376C2D900C952D6 /* BaseLabel.swift */,
			);
			path = UIKit;
			sourceTree = "<group>";
		};
		9893C2612376C2D900C952D6 /* Nibless */ = {
			isa = PBXGroup;
			children = (
				9893C2622376C2D900C952D6 /* NiblessCollectionViewCell.swift */,
				9893C2632376C2D900C952D6 /* NiblessImageView.swift */,
				9893C2642376C2D900C952D6 /* NiblessView.swift */,
				9893C2652376C2D900C952D6 /* NiblessButton.swift */,
				9893C2662376C2D900C952D6 /* NiblessLabel.swift */,
				9893C2672376C2D900C952D6 /* NiblessNavigationController.swift */,
				9893C2682376C2D900C952D6 /* NiblessViewController.swift */,
			);
			path = Nibless;
			sourceTree = "<group>";
		};
		9893C26A2376C2D900C952D6 /* Extensions */ = {
			isa = PBXGroup;
			children = (
				9893C26B2376C2D900C952D6 /* UIViewController+child.swift */,
				9893C26C2376C2D900C952D6 /* UIViewController+presentErrorMessage.swift */,
				9893C26D2376C2D900C952D6 /* UIView+addSubviews.swift */,
			);
			path = Extensions;
			sourceTree = "<group>";
		};
		9893C27C2376C33500C952D6 /* Reusable */ = {
			isa = PBXGroup;
			children = (
			);
			path = Reusable;
			sourceTree = "<group>";
		};
		98AEE3B52376501300DDE6DD /* Utils */ = {
			isa = PBXGroup;
			children = (
				98AEE3B62376502600DDE6DD /* JSONDecoderDateFormatter.swift */,
			);
			path = Utils;
			sourceTree = "<group>";
		};
		98AEE3B8237650D600DDE6DD /* ViewModel */ = {
			isa = PBXGroup;
			children = (
				9835F60023765B4700FC7789 /* Section */,
				9835F5FF23765B3A00FC7789 /* Model */,
			);
			path = ViewModel;
			sourceTree = "<group>";
		};
		98AEE3B9237650FC00DDE6DD /* Reusable */ = {
			isa = PBXGroup;
			children = (
				98AEE3BB2376510600DDE6DD /* array.json */,
				98AEE3BC2376510600DDE6DD /* object.json */,
				98AEE3BA2376510600DDE6DD /* ReusableExtensionTests.swift */,
			);
			path = Reusable;
			sourceTree = "<group>";
		};
		98AEE3C02376537500DDE6DD /* ViewModel */ = {
			isa = PBXGroup;
			children = (
				9893C2552376BFFB00C952D6 /* Section */,
				98AEE3C12376539800DDE6DD /* ModelViewModelTests.swift */,
			);
			path = ViewModel;
			sourceTree = "<group>";
		};
		A2E9290A47C5EA105445B5F8 /* Pods */ = {
			isa = PBXGroup;
			children = (
				37B01450D74F14C9C0650C0C /* Pods-MusicSearch.debug.xcconfig */,
				40F86F39A1172FBADC8765D0 /* Pods-MusicSearch.release.xcconfig */,
				5A1360279C1873652929EA68 /* Pods-MusicSearchTests.debug.xcconfig */,
				26B811B2F6D4598DEDB93B41 /* Pods-MusicSearchTests.release.xcconfig */,
				2C8A3AF38DBD63219B0A8072 /* Pods-MusicSearchIOS.debug.xcconfig */,
				F30DB5A5C358CF47C8ACFC97 /* Pods-MusicSearchIOS.release.xcconfig */,
				97D385CE47E1471D830AB9C1 /* Pods-MusicSearchIOSTests.debug.xcconfig */,
				F03CC7022227BA2AE34A790B /* Pods-MusicSearchIOSTests.release.xcconfig */,
				1BCAB678CB5F02175B6DFBB8 /* Pods-MusicSearchKit.debug.xcconfig */,
				169958ADE870AF22BB1B0504 /* Pods-MusicSearchKit.release.xcconfig */,
				A590E2FD30145FF8B4AA5AEC /* Pods-MusicSearchKitTests.debug.xcconfig */,
				253AA43B7A5CB145D364CFB5 /* Pods-MusicSearchKitTests.release.xcconfig */,
				62C23B7C735AA86923C43DA5 /* Pods-MusicSearch-MusicSearchIOS.debug.xcconfig */,
				9E0736DCF6FB302CFD69F2D8 /* Pods-MusicSearch-MusicSearchIOS.release.xcconfig */,
				3887515F567EF6B88C18F78D /* Pods-MusicSearch-MusicSearchIOS-MusicSearchKitTests.debug.xcconfig */,
				59C37770D744FBAB7995CC0D /* Pods-MusicSearch-MusicSearchIOS-MusicSearchKitTests.release.xcconfig */,
				84FB181665529DD45A05A8F3 /* Pods-MusicSearch-MusicSearchKit.debug.xcconfig */,
				32652A392B08D7E97984C50F /* Pods-MusicSearch-MusicSearchKit.release.xcconfig */,
				7E9CD1628100FFF1951FBB78 /* Pods-MusicSearch-MusicSearchKit-MusicSearchIOSTests.debug.xcconfig */,
				6F88C1CF941128E8194E57BB /* Pods-MusicSearch-MusicSearchKit-MusicSearchIOSTests.release.xcconfig */,
			);
			path = Pods;
			sourceTree = "<group>";
		};
		DCC0879F4563D625E7607D87 /* Frameworks */ = {
			isa = PBXGroup;
			children = (
				0C63BB477BB42617C7E03241 /* Pods_MusicSearch.framework */,
				B0D6A9D483BB22F2DBC0FBEC /* Pods_MusicSearchTests.framework */,
				4B84C009D1DFEB69B3466A6F /* Pods_MusicSearchIOS.framework */,
				3AB0B5FE5A3BE3B9CE647CA4 /* Pods_MusicSearchIOSTests.framework */,
				E531A11E47DD42D7D3E7A52D /* Pods_MusicSearchKit.framework */,
				7B763813C3023D01C3E1235F /* Pods_MusicSearchKitTests.framework */,
			);
			name = Frameworks;
			sourceTree = "<group>";
		};
/* End PBXGroup section */

/* Begin PBXHeadersBuildPhase section */
		9869AEE1237626B400BE08D9 /* Headers */ = {
			isa = PBXHeadersBuildPhase;
			buildActionMask = 2147483647;
			files = (
				9869AEF8237626B400BE08D9 /* MusicSearchKit.h in Headers */,
			);
			runOnlyForDeploymentPostprocessing = 0;
		};
		9869AF04237626C900BE08D9 /* Headers */ = {
			isa = PBXHeadersBuildPhase;
			buildActionMask = 2147483647;
			files = (
				9869AF1B237626C900BE08D9 /* MusicSearchIOS.h in Headers */,
			);
			runOnlyForDeploymentPostprocessing = 0;
		};
/* End PBXHeadersBuildPhase section */

/* Begin PBXNativeTarget section */
		98210CFE237615B4009B31D5 /* MusicSearch */ = {
			isa = PBXNativeTarget;
			buildConfigurationList = 98210D1E237615B6009B31D5 /* Build configuration list for PBXNativeTarget "MusicSearch" */;
			buildPhases = (
				9D18BBE249D9177D2B6A18D5 /* [CP] Check Pods Manifest.lock */,
				98210CFB237615B4009B31D5 /* Sources */,
				98210CFC237615B4009B31D5 /* Frameworks */,
				98210CFD237615B4009B31D5 /* Resources */,
				98210D2423761B3C009B31D5 /* SwiftLint */,
				9869AF00237626B400BE08D9 /* Embed Frameworks */,
				AAB4EAABF264B79FA0F4EEBF /* [CP] Embed Pods Frameworks */,
			);
			buildRules = (
			);
			dependencies = (
				9869AEFA237626B400BE08D9 /* PBXTargetDependency */,
				9869AF1D237626C900BE08D9 /* PBXTargetDependency */,
			);
			name = MusicSearch;
			productName = MusicSearch;
			productReference = 98210CFF237615B4009B31D5 /* MusicSearch.app */;
			productType = "com.apple.product-type.application";
		};
		9869AEE5237626B400BE08D9 /* MusicSearchKit */ = {
			isa = PBXNativeTarget;
			buildConfigurationList = 9869AEFD237626B400BE08D9 /* Build configuration list for PBXNativeTarget "MusicSearchKit" */;
			buildPhases = (
				7EB9A13C6033F02BC12EE8B7 /* [CP] Check Pods Manifest.lock */,
				9869AEE1237626B400BE08D9 /* Headers */,
				9869AEE2237626B400BE08D9 /* Sources */,
				9869AEE3237626B400BE08D9 /* Frameworks */,
				9869AEE4237626B400BE08D9 /* Resources */,
			);
			buildRules = (
			);
			dependencies = (
			);
			name = MusicSearchKit;
			productName = MusicSearchKit;
			productReference = 9869AEE6237626B400BE08D9 /* MusicSearchKit.framework */;
			productType = "com.apple.product-type.framework";
		};
		9869AEED237626B400BE08D9 /* MusicSearchKitTests */ = {
			isa = PBXNativeTarget;
			buildConfigurationList = 9869AF01237626B400BE08D9 /* Build configuration list for PBXNativeTarget "MusicSearchKitTests" */;
			buildPhases = (
				DCB1CFDF1E289C3310108277 /* [CP] Check Pods Manifest.lock */,
				9869AEEA237626B400BE08D9 /* Sources */,
				9869AEEB237626B400BE08D9 /* Frameworks */,
				9869AEEC237626B400BE08D9 /* Resources */,
				3289C6DDE3D09A34D7E5373F /* [CP] Embed Pods Frameworks */,
			);
			buildRules = (
			);
			dependencies = (
				9869AEF1237626B400BE08D9 /* PBXTargetDependency */,
				9869AEF3237626B400BE08D9 /* PBXTargetDependency */,
			);
			name = MusicSearchKitTests;
			productName = MusicSearchKitTests;
			productReference = 9869AEEE237626B400BE08D9 /* MusicSearchKitTests.xctest */;
			productType = "com.apple.product-type.bundle.unit-test";
		};
		9869AF08237626C900BE08D9 /* MusicSearchIOS */ = {
			isa = PBXNativeTarget;
			buildConfigurationList = 9869AF20237626C900BE08D9 /* Build configuration list for PBXNativeTarget "MusicSearchIOS" */;
			buildPhases = (
				742C97E30AE1E648E9BA3EA8 /* [CP] Check Pods Manifest.lock */,
				9869AF04237626C900BE08D9 /* Headers */,
				9869AF05237626C900BE08D9 /* Sources */,
				9869AF06237626C900BE08D9 /* Frameworks */,
				9869AF07237626C900BE08D9 /* Resources */,
				9869AF2A237627CA00BE08D9 /* Embed Frameworks */,
			);
			buildRules = (
			);
			dependencies = (
				9869AF29237627C900BE08D9 /* PBXTargetDependency */,
			);
			name = MusicSearchIOS;
			productName = MusicSearchIOS;
			productReference = 9869AF09237626C900BE08D9 /* MusicSearchIOS.framework */;
			productType = "com.apple.product-type.framework";
		};
		9869AF10237626C900BE08D9 /* MusicSearchIOSTests */ = {
			isa = PBXNativeTarget;
			buildConfigurationList = 9869AF23237626C900BE08D9 /* Build configuration list for PBXNativeTarget "MusicSearchIOSTests" */;
			buildPhases = (
				FC5656C3FBBBE55DBAD397BB /* [CP] Check Pods Manifest.lock */,
				9869AF0D237626C900BE08D9 /* Sources */,
				9869AF0E237626C900BE08D9 /* Frameworks */,
				9869AF0F237626C900BE08D9 /* Resources */,
				651DBC62AA3F60E66C79627F /* [CP] Embed Pods Frameworks */,
			);
			buildRules = (
			);
			dependencies = (
				9869AF14237626C900BE08D9 /* PBXTargetDependency */,
				9869AF16237626C900BE08D9 /* PBXTargetDependency */,
			);
			name = MusicSearchIOSTests;
			productName = MusicSearchIOSTests;
			productReference = 9869AF11237626C900BE08D9 /* MusicSearchIOSTests.xctest */;
			productType = "com.apple.product-type.bundle.unit-test";
		};
/* End PBXNativeTarget section */

/* Begin PBXProject section */
		98210CF7237615B4009B31D5 /* Project object */ = {
			isa = PBXProject;
			attributes = {
				LastSwiftUpdateCheck = 1120;
				LastUpgradeCheck = 1120;
				TargetAttributes = {
					98210CFE237615B4009B31D5 = {
						CreatedOnToolsVersion = 11.2;
					};
					9869AEE5237626B400BE08D9 = {
						CreatedOnToolsVersion = 11.2;
						LastSwiftMigration = 1120;
					};
					9869AEED237626B400BE08D9 = {
						CreatedOnToolsVersion = 11.2;
						TestTargetID = 98210CFE237615B4009B31D5;
					};
					9869AF08237626C900BE08D9 = {
						CreatedOnToolsVersion = 11.2;
						LastSwiftMigration = 1120;
					};
					9869AF10237626C900BE08D9 = {
						CreatedOnToolsVersion = 11.2;
						LastSwiftMigration = 1120;
						TestTargetID = 98210CFE237615B4009B31D5;
					};
				};
			};
			buildConfigurationList = 98210CFA237615B4009B31D5 /* Build configuration list for PBXProject "MusicSearch" */;
			compatibilityVersion = "Xcode 9.3";
			developmentRegion = en;
			hasScannedForEncodings = 0;
			knownRegions = (
				en,
				Base,
			);
			mainGroup = 98210CF6237615B4009B31D5;
			productRefGroup = 98210D00237615B4009B31D5 /* Products */;
			projectDirPath = "";
			projectRoot = "";
			targets = (
				98210CFE237615B4009B31D5 /* MusicSearch */,
				9869AEE5237626B400BE08D9 /* MusicSearchKit */,
				9869AEED237626B400BE08D9 /* MusicSearchKitTests */,
				9869AF08237626C900BE08D9 /* MusicSearchIOS */,
				9869AF10237626C900BE08D9 /* MusicSearchIOSTests */,
			);
		};
/* End PBXProject section */

/* Begin PBXResourcesBuildPhase section */
		98210CFD237615B4009B31D5 /* Resources */ = {
			isa = PBXResourcesBuildPhase;
			buildActionMask = 2147483647;
			files = (
				98210D0F237615B5009B31D5 /* LaunchScreen.storyboard in Resources */,
				98210D0C237615B5009B31D5 /* Assets.xcassets in Resources */,
			);
			runOnlyForDeploymentPostprocessing = 0;
		};
		9869AEE4237626B400BE08D9 /* Resources */ = {
			isa = PBXResourcesBuildPhase;
			buildActionMask = 2147483647;
			files = (
				9835F62B2376608E00FC7789 /* search?term=something&mediaType=music&limit20.json in Resources */,
				9835F62D2376615C00FC7789 /* artwork-demo.png in Resources */,
			);
			runOnlyForDeploymentPostprocessing = 0;
		};
		9869AEEC237626B400BE08D9 /* Resources */ = {
			isa = PBXResourcesBuildPhase;
			buildActionMask = 2147483647;
			files = (
				98AEE3BF2376510600DDE6DD /* object.json in Resources */,
				9884F7B3237647320041F314 /* song.json in Resources */,
				98AEE3BE2376510600DDE6DD /* array.json in Resources */,
			);
			runOnlyForDeploymentPostprocessing = 0;
		};
		9869AF07237626C900BE08D9 /* Resources */ = {
			isa = PBXResourcesBuildPhase;
			buildActionMask = 2147483647;
			files = (
			);
			runOnlyForDeploymentPostprocessing = 0;
		};
		9869AF0F237626C900BE08D9 /* Resources */ = {
			isa = PBXResourcesBuildPhase;
			buildActionMask = 2147483647;
			files = (
			);
			runOnlyForDeploymentPostprocessing = 0;
		};
/* End PBXResourcesBuildPhase section */

/* Begin PBXShellScriptBuildPhase section */
		3289C6DDE3D09A34D7E5373F /* [CP] Embed Pods Frameworks */ = {
			isa = PBXShellScriptBuildPhase;
			buildActionMask = 2147483647;
			files = (
			);
			inputFileListPaths = (
				"${PODS_ROOT}/Target Support Files/Pods-MusicSearchKitTests/Pods-MusicSearchKitTests-frameworks-${CONFIGURATION}-input-files.xcfilelist",
			);
			name = "[CP] Embed Pods Frameworks";
			outputFileListPaths = (
				"${PODS_ROOT}/Target Support Files/Pods-MusicSearchKitTests/Pods-MusicSearchKitTests-frameworks-${CONFIGURATION}-output-files.xcfilelist",
			);
			runOnlyForDeploymentPostprocessing = 0;
			shellPath = /bin/sh;
			shellScript = "\"${PODS_ROOT}/Target Support Files/Pods-MusicSearchKitTests/Pods-MusicSearchKitTests-frameworks.sh\"\n";
			showEnvVarsInLog = 0;
		};
		651DBC62AA3F60E66C79627F /* [CP] Embed Pods Frameworks */ = {
			isa = PBXShellScriptBuildPhase;
			buildActionMask = 2147483647;
			files = (
			);
			inputFileListPaths = (
				"${PODS_ROOT}/Target Support Files/Pods-MusicSearchIOSTests/Pods-MusicSearchIOSTests-frameworks-${CONFIGURATION}-input-files.xcfilelist",
			);
			name = "[CP] Embed Pods Frameworks";
			outputFileListPaths = (
				"${PODS_ROOT}/Target Support Files/Pods-MusicSearchIOSTests/Pods-MusicSearchIOSTests-frameworks-${CONFIGURATION}-output-files.xcfilelist",
			);
			runOnlyForDeploymentPostprocessing = 0;
			shellPath = /bin/sh;
			shellScript = "\"${PODS_ROOT}/Target Support Files/Pods-MusicSearchIOSTests/Pods-MusicSearchIOSTests-frameworks.sh\"\n";
			showEnvVarsInLog = 0;
		};
		742C97E30AE1E648E9BA3EA8 /* [CP] Check Pods Manifest.lock */ = {
			isa = PBXShellScriptBuildPhase;
			buildActionMask = 2147483647;
			files = (
			);
			inputFileListPaths = (
			);
			inputPaths = (
				"${PODS_PODFILE_DIR_PATH}/Podfile.lock",
				"${PODS_ROOT}/Manifest.lock",
			);
			name = "[CP] Check Pods Manifest.lock";
			outputFileListPaths = (
			);
			outputPaths = (
				"$(DERIVED_FILE_DIR)/Pods-MusicSearchIOS-checkManifestLockResult.txt",
			);
			runOnlyForDeploymentPostprocessing = 0;
			shellPath = /bin/sh;
			shellScript = "diff \"${PODS_PODFILE_DIR_PATH}/Podfile.lock\" \"${PODS_ROOT}/Manifest.lock\" > /dev/null\nif [ $? != 0 ] ; then\n    # print error to STDERR\n    echo \"error: The sandbox is not in sync with the Podfile.lock. Run 'pod install' or update your CocoaPods installation.\" >&2\n    exit 1\nfi\n# This output is used by Xcode 'outputs' to avoid re-running this script phase.\necho \"SUCCESS\" > \"${SCRIPT_OUTPUT_FILE_0}\"\n";
			showEnvVarsInLog = 0;
		};
		7EB9A13C6033F02BC12EE8B7 /* [CP] Check Pods Manifest.lock */ = {
			isa = PBXShellScriptBuildPhase;
			buildActionMask = 2147483647;
			files = (
			);
			inputFileListPaths = (
			);
			inputPaths = (
				"${PODS_PODFILE_DIR_PATH}/Podfile.lock",
				"${PODS_ROOT}/Manifest.lock",
			);
			name = "[CP] Check Pods Manifest.lock";
			outputFileListPaths = (
			);
			outputPaths = (
				"$(DERIVED_FILE_DIR)/Pods-MusicSearchKit-checkManifestLockResult.txt",
			);
			runOnlyForDeploymentPostprocessing = 0;
			shellPath = /bin/sh;
			shellScript = "diff \"${PODS_PODFILE_DIR_PATH}/Podfile.lock\" \"${PODS_ROOT}/Manifest.lock\" > /dev/null\nif [ $? != 0 ] ; then\n    # print error to STDERR\n    echo \"error: The sandbox is not in sync with the Podfile.lock. Run 'pod install' or update your CocoaPods installation.\" >&2\n    exit 1\nfi\n# This output is used by Xcode 'outputs' to avoid re-running this script phase.\necho \"SUCCESS\" > \"${SCRIPT_OUTPUT_FILE_0}\"\n";
			showEnvVarsInLog = 0;
		};
		98210D2423761B3C009B31D5 /* SwiftLint */ = {
			isa = PBXShellScriptBuildPhase;
			buildActionMask = 2147483647;
			files = (
			);
			inputFileListPaths = (
			);
			inputPaths = (
			);
			name = SwiftLint;
			outputFileListPaths = (
			);
			outputPaths = (
			);
			runOnlyForDeploymentPostprocessing = 0;
			shellPath = /bin/sh;
			shellScript = "\"${PODS_ROOT}/SwiftLint/swiftlint\"\n";
		};
		9D18BBE249D9177D2B6A18D5 /* [CP] Check Pods Manifest.lock */ = {
			isa = PBXShellScriptBuildPhase;
			buildActionMask = 2147483647;
			files = (
			);
			inputFileListPaths = (
			);
			inputPaths = (
				"${PODS_PODFILE_DIR_PATH}/Podfile.lock",
				"${PODS_ROOT}/Manifest.lock",
			);
			name = "[CP] Check Pods Manifest.lock";
			outputFileListPaths = (
			);
			outputPaths = (
				"$(DERIVED_FILE_DIR)/Pods-MusicSearch-checkManifestLockResult.txt",
			);
			runOnlyForDeploymentPostprocessing = 0;
			shellPath = /bin/sh;
			shellScript = "diff \"${PODS_PODFILE_DIR_PATH}/Podfile.lock\" \"${PODS_ROOT}/Manifest.lock\" > /dev/null\nif [ $? != 0 ] ; then\n    # print error to STDERR\n    echo \"error: The sandbox is not in sync with the Podfile.lock. Run 'pod install' or update your CocoaPods installation.\" >&2\n    exit 1\nfi\n# This output is used by Xcode 'outputs' to avoid re-running this script phase.\necho \"SUCCESS\" > \"${SCRIPT_OUTPUT_FILE_0}\"\n";
			showEnvVarsInLog = 0;
		};
		AAB4EAABF264B79FA0F4EEBF /* [CP] Embed Pods Frameworks */ = {
			isa = PBXShellScriptBuildPhase;
			buildActionMask = 2147483647;
			files = (
			);
			inputFileListPaths = (
				"${PODS_ROOT}/Target Support Files/Pods-MusicSearch/Pods-MusicSearch-frameworks-${CONFIGURATION}-input-files.xcfilelist",
			);
			name = "[CP] Embed Pods Frameworks";
			outputFileListPaths = (
				"${PODS_ROOT}/Target Support Files/Pods-MusicSearch/Pods-MusicSearch-frameworks-${CONFIGURATION}-output-files.xcfilelist",
			);
			runOnlyForDeploymentPostprocessing = 0;
			shellPath = /bin/sh;
			shellScript = "\"${PODS_ROOT}/Target Support Files/Pods-MusicSearch/Pods-MusicSearch-frameworks.sh\"\n";
			showEnvVarsInLog = 0;
		};
		DCB1CFDF1E289C3310108277 /* [CP] Check Pods Manifest.lock */ = {
			isa = PBXShellScriptBuildPhase;
			buildActionMask = 2147483647;
			files = (
			);
			inputFileListPaths = (
			);
			inputPaths = (
				"${PODS_PODFILE_DIR_PATH}/Podfile.lock",
				"${PODS_ROOT}/Manifest.lock",
			);
			name = "[CP] Check Pods Manifest.lock";
			outputFileListPaths = (
			);
			outputPaths = (
				"$(DERIVED_FILE_DIR)/Pods-MusicSearchKitTests-checkManifestLockResult.txt",
			);
			runOnlyForDeploymentPostprocessing = 0;
			shellPath = /bin/sh;
			shellScript = "diff \"${PODS_PODFILE_DIR_PATH}/Podfile.lock\" \"${PODS_ROOT}/Manifest.lock\" > /dev/null\nif [ $? != 0 ] ; then\n    # print error to STDERR\n    echo \"error: The sandbox is not in sync with the Podfile.lock. Run 'pod install' or update your CocoaPods installation.\" >&2\n    exit 1\nfi\n# This output is used by Xcode 'outputs' to avoid re-running this script phase.\necho \"SUCCESS\" > \"${SCRIPT_OUTPUT_FILE_0}\"\n";
			showEnvVarsInLog = 0;
		};
		FC5656C3FBBBE55DBAD397BB /* [CP] Check Pods Manifest.lock */ = {
			isa = PBXShellScriptBuildPhase;
			buildActionMask = 2147483647;
			files = (
			);
			inputFileListPaths = (
			);
			inputPaths = (
				"${PODS_PODFILE_DIR_PATH}/Podfile.lock",
				"${PODS_ROOT}/Manifest.lock",
			);
			name = "[CP] Check Pods Manifest.lock";
			outputFileListPaths = (
			);
			outputPaths = (
				"$(DERIVED_FILE_DIR)/Pods-MusicSearchIOSTests-checkManifestLockResult.txt",
			);
			runOnlyForDeploymentPostprocessing = 0;
			shellPath = /bin/sh;
			shellScript = "diff \"${PODS_PODFILE_DIR_PATH}/Podfile.lock\" \"${PODS_ROOT}/Manifest.lock\" > /dev/null\nif [ $? != 0 ] ; then\n    # print error to STDERR\n    echo \"error: The sandbox is not in sync with the Podfile.lock. Run 'pod install' or update your CocoaPods installation.\" >&2\n    exit 1\nfi\n# This output is used by Xcode 'outputs' to avoid re-running this script phase.\necho \"SUCCESS\" > \"${SCRIPT_OUTPUT_FILE_0}\"\n";
			showEnvVarsInLog = 0;
		};
/* End PBXShellScriptBuildPhase section */

/* Begin PBXSourcesBuildPhase section */
		98210CFB237615B4009B31D5 /* Sources */ = {
			isa = PBXSourcesBuildPhase;
			buildActionMask = 2147483647;
			files = (
				98210D03237615B4009B31D5 /* AppDelegate.swift in Sources */,
			);
			runOnlyForDeploymentPostprocessing = 0;
		};
		9869AEE2237626B400BE08D9 /* Sources */ = {
			isa = PBXSourcesBuildPhase;
			buildActionMask = 2147483647;
			files = (
				9835F62723765F4300FC7789 /* Endpoint.swift in Sources */,
				9884F7BC237647BB0041F314 /* String+removeslashes.swift in Sources */,
				9835F62323765F4300FC7789 /* URLSessionManagerRequestAPI.swift in Sources */,
				98AEE3C4237654EA00DDE6DD /* SongModelViewModel.swift in Sources */,
				9893C2592376C0DB00C952D6 /* RootViewModel.swift in Sources */,
				9893C24C2376A4CA00C952D6 /* ErrorMessage.swift in Sources */,
				9835F62523765F4300FC7789 /* NetworkResult.swift in Sources */,
				9835F6362376652F00FC7789 /* SongListEndpoint.swift in Sources */,
				9884F7BA237647BB0041F314 /* DateFormatter+iso.swift in Sources */,
				9835F62423765F4300FC7789 /* NetworkHTTPMethod.swift in Sources */,
				9835F61E23765F4300FC7789 /* StubService.swift in Sources */,
				9835F60423765C3D00FC7789 /* SongListViewModel.swift in Sources */,
				98AEE3B72376502600DDE6DD /* JSONDecoderDateFormatter.swift in Sources */,
				9884F7BB237647BB0041F314 /* Bundle+json.swift in Sources */,
				9835F62623765F4300FC7789 /* NetworkError.swift in Sources */,
				9884F7AF2376323D0041F314 /* SongModel.swift in Sources */,
				9835F62223765F4300FC7789 /* ManagerRequestAPI.swift in Sources */,
				9835F6342376650D00FC7789 /* SongListRemoteAPI.swift in Sources */,
				9893C24823768E4C00C952D6 /* SongListAPI.swift in Sources */,
			);
			runOnlyForDeploymentPostprocessing = 0;
		};
		9869AEEA237626B400BE08D9 /* Sources */ = {
			isa = PBXSourcesBuildPhase;
			buildActionMask = 2147483647;
			files = (
				9893C2542376BB9D00C952D6 /* FakeSongListRemoteAPIError.swift in Sources */,
				9835F60D23765DD600FC7789 /* ManagerRequestAPITests.swift in Sources */,
				9835F6302376647600FC7789 /* NetworkHTTPTests.swift in Sources */,
				9835F60223765B9600FC7789 /* SongListViewModelTests.swift in Sources */,
				9893C24A2376919A00C952D6 /* FakeManagerRequestAPI.swift in Sources */,
				9893C24523768D1900C952D6 /* SongListRemoteTests.swift in Sources */,
				98AEE3BD2376510600DDE6DD /* ReusableExtensionTests.swift in Sources */,
				9893C2572376C04400C952D6 /* RootViewModelTests.swift in Sources */,
				98AEE3C22376539800DDE6DD /* ModelViewModelTests.swift in Sources */,
				9893C24F2376AFA100C952D6 /* FakeSongListRemoteAPI.swift in Sources */,
				9869AEF6237626B400BE08D9 /* ModelTests.swift in Sources */,
			);
			runOnlyForDeploymentPostprocessing = 0;
		};
		9869AF05237626C900BE08D9 /* Sources */ = {
			isa = PBXSourcesBuildPhase;
			buildActionMask = 2147483647;
			files = (
				9893C27B2376C2D900C952D6 /* UIView+addSubviews.swift in Sources */,
				9893C26E2376C2D900C952D6 /* ImageCache.swift in Sources */,
				9893C2702376C2D900C952D6 /* BaseLabel.swift in Sources */,
				9893C2752376C2D900C952D6 /* NiblessLabel.swift in Sources */,
				9893C2742376C2D900C952D6 /* NiblessButton.swift in Sources */,
				9893C26F2376C2D900C952D6 /* ImageCacheKingfisher.swift in Sources */,
				9893C2722376C2D900C952D6 /* NiblessImageView.swift in Sources */,
				9893C2762376C2D900C952D6 /* NiblessNavigationController.swift in Sources */,
				9893C2782376C2D900C952D6 /* BaseImageView.swift in Sources */,
				9893C2772376C2D900C952D6 /* NiblessViewController.swift in Sources */,
				9893C2712376C2D900C952D6 /* NiblessCollectionViewCell.swift in Sources */,
				9893C2732376C2D900C952D6 /* NiblessView.swift in Sources */,
				9869AF30237628C500BE08D9 /* MusicSearchAppDependencyContainer.swift in Sources */,
				9893C2792376C2D900C952D6 /* UIViewController+child.swift in Sources */,
				9893C27A2376C2D900C952D6 /* UIViewController+presentErrorMessage.swift in Sources */,
			);
			runOnlyForDeploymentPostprocessing = 0;
		};
		9869AF0D237626C900BE08D9 /* Sources */ = {
			isa = PBXSourcesBuildPhase;
			buildActionMask = 2147483647;
			files = (
				9869AF322376294300BE08D9 /* DependencyContainerTests.swift in Sources */,
			);
			runOnlyForDeploymentPostprocessing = 0;
		};
/* End PBXSourcesBuildPhase section */

/* Begin PBXTargetDependency section */
		9869AEF1237626B400BE08D9 /* PBXTargetDependency */ = {
			isa = PBXTargetDependency;
			target = 9869AEE5237626B400BE08D9 /* MusicSearchKit */;
			targetProxy = 9869AEF0237626B400BE08D9 /* PBXContainerItemProxy */;
		};
		9869AEF3237626B400BE08D9 /* PBXTargetDependency */ = {
			isa = PBXTargetDependency;
			target = 98210CFE237615B4009B31D5 /* MusicSearch */;
			targetProxy = 9869AEF2237626B400BE08D9 /* PBXContainerItemProxy */;
		};
		9869AEFA237626B400BE08D9 /* PBXTargetDependency */ = {
			isa = PBXTargetDependency;
			target = 9869AEE5237626B400BE08D9 /* MusicSearchKit */;
			targetProxy = 9869AEF9237626B400BE08D9 /* PBXContainerItemProxy */;
		};
		9869AF14237626C900BE08D9 /* PBXTargetDependency */ = {
			isa = PBXTargetDependency;
			target = 9869AF08237626C900BE08D9 /* MusicSearchIOS */;
			targetProxy = 9869AF13237626C900BE08D9 /* PBXContainerItemProxy */;
		};
		9869AF16237626C900BE08D9 /* PBXTargetDependency */ = {
			isa = PBXTargetDependency;
			target = 98210CFE237615B4009B31D5 /* MusicSearch */;
			targetProxy = 9869AF15237626C900BE08D9 /* PBXContainerItemProxy */;
		};
		9869AF1D237626C900BE08D9 /* PBXTargetDependency */ = {
			isa = PBXTargetDependency;
			target = 9869AF08237626C900BE08D9 /* MusicSearchIOS */;
			targetProxy = 9869AF1C237626C900BE08D9 /* PBXContainerItemProxy */;
		};
		9869AF29237627C900BE08D9 /* PBXTargetDependency */ = {
			isa = PBXTargetDependency;
			target = 9869AEE5237626B400BE08D9 /* MusicSearchKit */;
			targetProxy = 9869AF28237627C900BE08D9 /* PBXContainerItemProxy */;
		};
/* End PBXTargetDependency section */

/* Begin PBXVariantGroup section */
		98210D0D237615B5009B31D5 /* LaunchScreen.storyboard */ = {
			isa = PBXVariantGroup;
			children = (
				98210D0E237615B5009B31D5 /* Base */,
			);
			name = LaunchScreen.storyboard;
			sourceTree = "<group>";
		};
/* End PBXVariantGroup section */

/* Begin XCBuildConfiguration section */
		98210D1C237615B6009B31D5 /* Debug */ = {
			isa = XCBuildConfiguration;
			buildSettings = {
				ALWAYS_SEARCH_USER_PATHS = NO;
				CLANG_ANALYZER_NONNULL = YES;
				CLANG_ANALYZER_NUMBER_OBJECT_CONVERSION = YES_AGGRESSIVE;
				CLANG_CXX_LANGUAGE_STANDARD = "gnu++14";
				CLANG_CXX_LIBRARY = "libc++";
				CLANG_ENABLE_MODULES = YES;
				CLANG_ENABLE_OBJC_ARC = YES;
				CLANG_ENABLE_OBJC_WEAK = YES;
				CLANG_WARN_BLOCK_CAPTURE_AUTORELEASING = YES;
				CLANG_WARN_BOOL_CONVERSION = YES;
				CLANG_WARN_COMMA = YES;
				CLANG_WARN_CONSTANT_CONVERSION = YES;
				CLANG_WARN_DEPRECATED_OBJC_IMPLEMENTATIONS = YES;
				CLANG_WARN_DIRECT_OBJC_ISA_USAGE = YES_ERROR;
				CLANG_WARN_DOCUMENTATION_COMMENTS = YES;
				CLANG_WARN_EMPTY_BODY = YES;
				CLANG_WARN_ENUM_CONVERSION = YES;
				CLANG_WARN_INFINITE_RECURSION = YES;
				CLANG_WARN_INT_CONVERSION = YES;
				CLANG_WARN_NON_LITERAL_NULL_CONVERSION = YES;
				CLANG_WARN_OBJC_IMPLICIT_RETAIN_SELF = YES;
				CLANG_WARN_OBJC_LITERAL_CONVERSION = YES;
				CLANG_WARN_OBJC_ROOT_CLASS = YES_ERROR;
				CLANG_WARN_RANGE_LOOP_ANALYSIS = YES;
				CLANG_WARN_STRICT_PROTOTYPES = YES;
				CLANG_WARN_SUSPICIOUS_MOVE = YES;
				CLANG_WARN_UNGUARDED_AVAILABILITY = YES_AGGRESSIVE;
				CLANG_WARN_UNREACHABLE_CODE = YES;
				CLANG_WARN__DUPLICATE_METHOD_MATCH = YES;
				COPY_PHASE_STRIP = NO;
				DEBUG_INFORMATION_FORMAT = dwarf;
				ENABLE_STRICT_OBJC_MSGSEND = YES;
				ENABLE_TESTABILITY = YES;
				GCC_C_LANGUAGE_STANDARD = gnu11;
				GCC_DYNAMIC_NO_PIC = NO;
				GCC_NO_COMMON_BLOCKS = YES;
				GCC_OPTIMIZATION_LEVEL = 0;
				GCC_PREPROCESSOR_DEFINITIONS = (
					"DEBUG=1",
					"$(inherited)",
				);
				GCC_WARN_64_TO_32_BIT_CONVERSION = YES;
				GCC_WARN_ABOUT_RETURN_TYPE = YES_ERROR;
				GCC_WARN_UNDECLARED_SELECTOR = YES;
				GCC_WARN_UNINITIALIZED_AUTOS = YES_AGGRESSIVE;
				GCC_WARN_UNUSED_FUNCTION = YES;
				GCC_WARN_UNUSED_VARIABLE = YES;
				IPHONEOS_DEPLOYMENT_TARGET = 13.2;
				MTL_ENABLE_DEBUG_INFO = INCLUDE_SOURCE;
				MTL_FAST_MATH = YES;
				ONLY_ACTIVE_ARCH = YES;
				SDKROOT = iphoneos;
				SWIFT_ACTIVE_COMPILATION_CONDITIONS = DEBUG;
				SWIFT_OPTIMIZATION_LEVEL = "-Onone";
			};
			name = Debug;
		};
		98210D1D237615B6009B31D5 /* Release */ = {
			isa = XCBuildConfiguration;
			buildSettings = {
				ALWAYS_SEARCH_USER_PATHS = NO;
				CLANG_ANALYZER_NONNULL = YES;
				CLANG_ANALYZER_NUMBER_OBJECT_CONVERSION = YES_AGGRESSIVE;
				CLANG_CXX_LANGUAGE_STANDARD = "gnu++14";
				CLANG_CXX_LIBRARY = "libc++";
				CLANG_ENABLE_MODULES = YES;
				CLANG_ENABLE_OBJC_ARC = YES;
				CLANG_ENABLE_OBJC_WEAK = YES;
				CLANG_WARN_BLOCK_CAPTURE_AUTORELEASING = YES;
				CLANG_WARN_BOOL_CONVERSION = YES;
				CLANG_WARN_COMMA = YES;
				CLANG_WARN_CONSTANT_CONVERSION = YES;
				CLANG_WARN_DEPRECATED_OBJC_IMPLEMENTATIONS = YES;
				CLANG_WARN_DIRECT_OBJC_ISA_USAGE = YES_ERROR;
				CLANG_WARN_DOCUMENTATION_COMMENTS = YES;
				CLANG_WARN_EMPTY_BODY = YES;
				CLANG_WARN_ENUM_CONVERSION = YES;
				CLANG_WARN_INFINITE_RECURSION = YES;
				CLANG_WARN_INT_CONVERSION = YES;
				CLANG_WARN_NON_LITERAL_NULL_CONVERSION = YES;
				CLANG_WARN_OBJC_IMPLICIT_RETAIN_SELF = YES;
				CLANG_WARN_OBJC_LITERAL_CONVERSION = YES;
				CLANG_WARN_OBJC_ROOT_CLASS = YES_ERROR;
				CLANG_WARN_RANGE_LOOP_ANALYSIS = YES;
				CLANG_WARN_STRICT_PROTOTYPES = YES;
				CLANG_WARN_SUSPICIOUS_MOVE = YES;
				CLANG_WARN_UNGUARDED_AVAILABILITY = YES_AGGRESSIVE;
				CLANG_WARN_UNREACHABLE_CODE = YES;
				CLANG_WARN__DUPLICATE_METHOD_MATCH = YES;
				COPY_PHASE_STRIP = NO;
				DEBUG_INFORMATION_FORMAT = "dwarf-with-dsym";
				ENABLE_NS_ASSERTIONS = NO;
				ENABLE_STRICT_OBJC_MSGSEND = YES;
				GCC_C_LANGUAGE_STANDARD = gnu11;
				GCC_NO_COMMON_BLOCKS = YES;
				GCC_WARN_64_TO_32_BIT_CONVERSION = YES;
				GCC_WARN_ABOUT_RETURN_TYPE = YES_ERROR;
				GCC_WARN_UNDECLARED_SELECTOR = YES;
				GCC_WARN_UNINITIALIZED_AUTOS = YES_AGGRESSIVE;
				GCC_WARN_UNUSED_FUNCTION = YES;
				GCC_WARN_UNUSED_VARIABLE = YES;
				IPHONEOS_DEPLOYMENT_TARGET = 13.2;
				MTL_ENABLE_DEBUG_INFO = NO;
				MTL_FAST_MATH = YES;
				SDKROOT = iphoneos;
				SWIFT_COMPILATION_MODE = wholemodule;
				SWIFT_OPTIMIZATION_LEVEL = "-O";
				VALIDATE_PRODUCT = YES;
			};
			name = Release;
		};
		98210D1F237615B6009B31D5 /* Debug */ = {
			isa = XCBuildConfiguration;
			baseConfigurationReference = 37B01450D74F14C9C0650C0C /* Pods-MusicSearch.debug.xcconfig */;
			buildSettings = {
				ALWAYS_EMBED_SWIFT_STANDARD_LIBRARIES = "$(inherited)";
				ASSETCATALOG_COMPILER_APPICON_NAME = AppIcon;
				CODE_SIGN_STYLE = Automatic;
				INFOPLIST_FILE = MusicSearch/Info.plist;
				IPHONEOS_DEPLOYMENT_TARGET = 11.4;
				LD_RUNPATH_SEARCH_PATHS = (
					"$(inherited)",
					"@executable_path/Frameworks",
				);
				OTHER_LDFLAGS = "$(inherited)";
				PRODUCT_BUNDLE_IDENTIFIER = com.vsanasc.MusicSearch;
				PRODUCT_NAME = "$(TARGET_NAME)";
				SWIFT_VERSION = 5.0;
				TARGETED_DEVICE_FAMILY = "1,2";
			};
			name = Debug;
		};
		98210D20237615B6009B31D5 /* Release */ = {
			isa = XCBuildConfiguration;
			baseConfigurationReference = 40F86F39A1172FBADC8765D0 /* Pods-MusicSearch.release.xcconfig */;
			buildSettings = {
				ALWAYS_EMBED_SWIFT_STANDARD_LIBRARIES = "$(inherited)";
				ASSETCATALOG_COMPILER_APPICON_NAME = AppIcon;
				CODE_SIGN_STYLE = Automatic;
				INFOPLIST_FILE = MusicSearch/Info.plist;
				IPHONEOS_DEPLOYMENT_TARGET = 11.4;
				LD_RUNPATH_SEARCH_PATHS = (
					"$(inherited)",
					"@executable_path/Frameworks",
				);
				OTHER_LDFLAGS = "$(inherited)";
				PRODUCT_BUNDLE_IDENTIFIER = com.vsanasc.MusicSearch;
				PRODUCT_NAME = "$(TARGET_NAME)";
				SWIFT_VERSION = 5.0;
				TARGETED_DEVICE_FAMILY = "1,2";
			};
			name = Release;
		};
		9869AEFE237626B400BE08D9 /* Debug */ = {
			isa = XCBuildConfiguration;
			baseConfigurationReference = 1BCAB678CB5F02175B6DFBB8 /* Pods-MusicSearchKit.debug.xcconfig */;
			buildSettings = {
				ALWAYS_EMBED_SWIFT_STANDARD_LIBRARIES = "$(inherited)";
				CLANG_ENABLE_MODULES = YES;
				CODE_SIGN_STYLE = Automatic;
				CURRENT_PROJECT_VERSION = 1;
				DEFINES_MODULE = YES;
				DERIVE_MACCATALYST_PRODUCT_BUNDLE_IDENTIFIER = NO;
				DYLIB_COMPATIBILITY_VERSION = 1;
				DYLIB_CURRENT_VERSION = 1;
				DYLIB_INSTALL_NAME_BASE = "@rpath";
				INFOPLIST_FILE = MusicSearchKit/Info.plist;
				INSTALL_PATH = "$(LOCAL_LIBRARY_DIR)/Frameworks";
				IPHONEOS_DEPLOYMENT_TARGET = 11.3;
				LD_RUNPATH_SEARCH_PATHS = (
					"$(inherited)",
					"@executable_path/Frameworks",
					"@loader_path/Frameworks",
				);
				OTHER_LDFLAGS = "$(inherited)";
				PRODUCT_BUNDLE_IDENTIFIER = com.vsanasc.MusicSearchKit;
				PRODUCT_NAME = "$(TARGET_NAME:c99extidentifier)";
				SKIP_INSTALL = YES;
				SUPPORTS_MACCATALYST = NO;
				SWIFT_OPTIMIZATION_LEVEL = "-Onone";
				SWIFT_VERSION = 5.0;
				TARGETED_DEVICE_FAMILY = "1,2";
				VERSIONING_SYSTEM = "apple-generic";
				VERSION_INFO_PREFIX = "";
			};
			name = Debug;
		};
		9869AEFF237626B400BE08D9 /* Release */ = {
			isa = XCBuildConfiguration;
			baseConfigurationReference = 169958ADE870AF22BB1B0504 /* Pods-MusicSearchKit.release.xcconfig */;
			buildSettings = {
				ALWAYS_EMBED_SWIFT_STANDARD_LIBRARIES = "$(inherited)";
				CLANG_ENABLE_MODULES = YES;
				CODE_SIGN_STYLE = Automatic;
				CURRENT_PROJECT_VERSION = 1;
				DEFINES_MODULE = YES;
				DERIVE_MACCATALYST_PRODUCT_BUNDLE_IDENTIFIER = NO;
				DYLIB_COMPATIBILITY_VERSION = 1;
				DYLIB_CURRENT_VERSION = 1;
				DYLIB_INSTALL_NAME_BASE = "@rpath";
				INFOPLIST_FILE = MusicSearchKit/Info.plist;
				INSTALL_PATH = "$(LOCAL_LIBRARY_DIR)/Frameworks";
				IPHONEOS_DEPLOYMENT_TARGET = 11.3;
				LD_RUNPATH_SEARCH_PATHS = (
					"$(inherited)",
					"@executable_path/Frameworks",
					"@loader_path/Frameworks",
				);
				OTHER_LDFLAGS = "$(inherited)";
				PRODUCT_BUNDLE_IDENTIFIER = com.vsanasc.MusicSearchKit;
				PRODUCT_NAME = "$(TARGET_NAME:c99extidentifier)";
				SKIP_INSTALL = YES;
				SUPPORTS_MACCATALYST = NO;
				SWIFT_VERSION = 5.0;
				TARGETED_DEVICE_FAMILY = "1,2";
				VERSIONING_SYSTEM = "apple-generic";
				VERSION_INFO_PREFIX = "";
			};
			name = Release;
		};
		9869AF02237626B400BE08D9 /* Debug */ = {
			isa = XCBuildConfiguration;
			baseConfigurationReference = A590E2FD30145FF8B4AA5AEC /* Pods-MusicSearchKitTests.debug.xcconfig */;
			buildSettings = {
				ALWAYS_EMBED_SWIFT_STANDARD_LIBRARIES = "$(inherited)";
				CODE_SIGN_STYLE = Automatic;
				INFOPLIST_FILE = MusicSearchKitTests/Info.plist;
				LD_RUNPATH_SEARCH_PATHS = (
					"$(inherited)",
					"@executable_path/Frameworks",
					"@loader_path/Frameworks",
				);
				OTHER_LDFLAGS = "$(inherited)";
				PRODUCT_BUNDLE_IDENTIFIER = com.vsanasc.MusicSearchKitTests;
				PRODUCT_NAME = "$(TARGET_NAME)";
				SWIFT_VERSION = 5.0;
				TARGETED_DEVICE_FAMILY = "1,2";
				TEST_HOST = "$(BUILT_PRODUCTS_DIR)/MusicSearch.app/MusicSearch";
			};
			name = Debug;
		};
		9869AF03237626B400BE08D9 /* Release */ = {
			isa = XCBuildConfiguration;
			baseConfigurationReference = 253AA43B7A5CB145D364CFB5 /* Pods-MusicSearchKitTests.release.xcconfig */;
			buildSettings = {
				ALWAYS_EMBED_SWIFT_STANDARD_LIBRARIES = "$(inherited)";
				CODE_SIGN_STYLE = Automatic;
				INFOPLIST_FILE = MusicSearchKitTests/Info.plist;
				LD_RUNPATH_SEARCH_PATHS = (
					"$(inherited)",
					"@executable_path/Frameworks",
					"@loader_path/Frameworks",
				);
				OTHER_LDFLAGS = "$(inherited)";
				PRODUCT_BUNDLE_IDENTIFIER = com.vsanasc.MusicSearchKitTests;
				PRODUCT_NAME = "$(TARGET_NAME)";
				SWIFT_VERSION = 5.0;
				TARGETED_DEVICE_FAMILY = "1,2";
				TEST_HOST = "$(BUILT_PRODUCTS_DIR)/MusicSearch.app/MusicSearch";
			};
			name = Release;
		};
		9869AF21237626C900BE08D9 /* Debug */ = {
			isa = XCBuildConfiguration;
			baseConfigurationReference = 2C8A3AF38DBD63219B0A8072 /* Pods-MusicSearchIOS.debug.xcconfig */;
			buildSettings = {
				ALWAYS_EMBED_SWIFT_STANDARD_LIBRARIES = "$(inherited)";
				CLANG_ENABLE_MODULES = YES;
				CODE_SIGN_STYLE = Automatic;
				CURRENT_PROJECT_VERSION = 1;
				DEFINES_MODULE = YES;
				DYLIB_COMPATIBILITY_VERSION = 1;
				DYLIB_CURRENT_VERSION = 1;
				DYLIB_INSTALL_NAME_BASE = "@rpath";
				INFOPLIST_FILE = MusicSearchIOS/Info.plist;
				INSTALL_PATH = "$(LOCAL_LIBRARY_DIR)/Frameworks";
				IPHONEOS_DEPLOYMENT_TARGET = 11.4;
				LD_RUNPATH_SEARCH_PATHS = (
					"$(inherited)",
					"@executable_path/Frameworks",
					"@loader_path/Frameworks",
				);
				OTHER_LDFLAGS = "$(inherited)";
				PRODUCT_BUNDLE_IDENTIFIER = com.vsanasc.MusicSearchIOS;
				PRODUCT_NAME = "$(TARGET_NAME:c99extidentifier)";
				SKIP_INSTALL = YES;
				SUPPORTS_MACCATALYST = NO;
				SWIFT_OPTIMIZATION_LEVEL = "-Onone";
				SWIFT_VERSION = 5.0;
				TARGETED_DEVICE_FAMILY = "1,2";
				VERSIONING_SYSTEM = "apple-generic";
				VERSION_INFO_PREFIX = "";
			};
			name = Debug;
		};
		9869AF22237626C900BE08D9 /* Release */ = {
			isa = XCBuildConfiguration;
			baseConfigurationReference = F30DB5A5C358CF47C8ACFC97 /* Pods-MusicSearchIOS.release.xcconfig */;
			buildSettings = {
				ALWAYS_EMBED_SWIFT_STANDARD_LIBRARIES = "$(inherited)";
				CLANG_ENABLE_MODULES = YES;
				CODE_SIGN_STYLE = Automatic;
				CURRENT_PROJECT_VERSION = 1;
				DEFINES_MODULE = YES;
				DYLIB_COMPATIBILITY_VERSION = 1;
				DYLIB_CURRENT_VERSION = 1;
				DYLIB_INSTALL_NAME_BASE = "@rpath";
				INFOPLIST_FILE = MusicSearchIOS/Info.plist;
				INSTALL_PATH = "$(LOCAL_LIBRARY_DIR)/Frameworks";
				IPHONEOS_DEPLOYMENT_TARGET = 11.4;
				LD_RUNPATH_SEARCH_PATHS = (
					"$(inherited)",
					"@executable_path/Frameworks",
					"@loader_path/Frameworks",
				);
				OTHER_LDFLAGS = "$(inherited)";
				PRODUCT_BUNDLE_IDENTIFIER = com.vsanasc.MusicSearchIOS;
				PRODUCT_NAME = "$(TARGET_NAME:c99extidentifier)";
				SKIP_INSTALL = YES;
				SUPPORTS_MACCATALYST = NO;
				SWIFT_VERSION = 5.0;
				TARGETED_DEVICE_FAMILY = "1,2";
				VERSIONING_SYSTEM = "apple-generic";
				VERSION_INFO_PREFIX = "";
			};
			name = Release;
		};
		9869AF24237626C900BE08D9 /* Debug */ = {
			isa = XCBuildConfiguration;
			baseConfigurationReference = 97D385CE47E1471D830AB9C1 /* Pods-MusicSearchIOSTests.debug.xcconfig */;
			buildSettings = {
				ALWAYS_EMBED_SWIFT_STANDARD_LIBRARIES = "$(inherited)";
				CLANG_ENABLE_MODULES = YES;
				CODE_SIGN_STYLE = Automatic;
				INFOPLIST_FILE = MusicSearchIOSTests/Info.plist;
				LD_RUNPATH_SEARCH_PATHS = (
					"$(inherited)",
					"@executable_path/Frameworks",
					"@loader_path/Frameworks",
				);
				OTHER_LDFLAGS = "$(inherited)";
				PRODUCT_BUNDLE_IDENTIFIER = com.vsanasc.MusicSearchIOSTests;
				PRODUCT_NAME = "$(TARGET_NAME)";
				SWIFT_OPTIMIZATION_LEVEL = "-Onone";
				SWIFT_VERSION = 5.0;
				TARGETED_DEVICE_FAMILY = "1,2";
				TEST_HOST = "$(BUILT_PRODUCTS_DIR)/MusicSearch.app/MusicSearch";
			};
			name = Debug;
		};
		9869AF25237626C900BE08D9 /* Release */ = {
			isa = XCBuildConfiguration;
			baseConfigurationReference = F03CC7022227BA2AE34A790B /* Pods-MusicSearchIOSTests.release.xcconfig */;
			buildSettings = {
				ALWAYS_EMBED_SWIFT_STANDARD_LIBRARIES = "$(inherited)";
				CLANG_ENABLE_MODULES = YES;
				CODE_SIGN_STYLE = Automatic;
				INFOPLIST_FILE = MusicSearchIOSTests/Info.plist;
				LD_RUNPATH_SEARCH_PATHS = (
					"$(inherited)",
					"@executable_path/Frameworks",
					"@loader_path/Frameworks",
				);
				OTHER_LDFLAGS = "$(inherited)";
				PRODUCT_BUNDLE_IDENTIFIER = com.vsanasc.MusicSearchIOSTests;
				PRODUCT_NAME = "$(TARGET_NAME)";
				SWIFT_VERSION = 5.0;
				TARGETED_DEVICE_FAMILY = "1,2";
				TEST_HOST = "$(BUILT_PRODUCTS_DIR)/MusicSearch.app/MusicSearch";
			};
			name = Release;
		};
/* End XCBuildConfiguration section */

/* Begin XCConfigurationList section */
		98210CFA237615B4009B31D5 /* Build configuration list for PBXProject "MusicSearch" */ = {
			isa = XCConfigurationList;
			buildConfigurations = (
				98210D1C237615B6009B31D5 /* Debug */,
				98210D1D237615B6009B31D5 /* Release */,
			);
			defaultConfigurationIsVisible = 0;
			defaultConfigurationName = Release;
		};
		98210D1E237615B6009B31D5 /* Build configuration list for PBXNativeTarget "MusicSearch" */ = {
			isa = XCConfigurationList;
			buildConfigurations = (
				98210D1F237615B6009B31D5 /* Debug */,
				98210D20237615B6009B31D5 /* Release */,
			);
			defaultConfigurationIsVisible = 0;
			defaultConfigurationName = Release;
		};
		9869AEFD237626B400BE08D9 /* Build configuration list for PBXNativeTarget "MusicSearchKit" */ = {
			isa = XCConfigurationList;
			buildConfigurations = (
				9869AEFE237626B400BE08D9 /* Debug */,
				9869AEFF237626B400BE08D9 /* Release */,
			);
			defaultConfigurationIsVisible = 0;
			defaultConfigurationName = Release;
		};
		9869AF01237626B400BE08D9 /* Build configuration list for PBXNativeTarget "MusicSearchKitTests" */ = {
			isa = XCConfigurationList;
			buildConfigurations = (
				9869AF02237626B400BE08D9 /* Debug */,
				9869AF03237626B400BE08D9 /* Release */,
			);
			defaultConfigurationIsVisible = 0;
			defaultConfigurationName = Release;
		};
		9869AF20237626C900BE08D9 /* Build configuration list for PBXNativeTarget "MusicSearchIOS" */ = {
			isa = XCConfigurationList;
			buildConfigurations = (
				9869AF21237626C900BE08D9 /* Debug */,
				9869AF22237626C900BE08D9 /* Release */,
			);
			defaultConfigurationIsVisible = 0;
			defaultConfigurationName = Release;
		};
		9869AF23237626C900BE08D9 /* Build configuration list for PBXNativeTarget "MusicSearchIOSTests" */ = {
			isa = XCConfigurationList;
			buildConfigurations = (
				9869AF24237626C900BE08D9 /* Debug */,
				9869AF25237626C900BE08D9 /* Release */,
			);
			defaultConfigurationIsVisible = 0;
			defaultConfigurationName = Release;
		};
/* End XCConfigurationList section */
	};
	rootObject = 98210CF7237615B4009B31D5 /* Project object */;
}
